// !$*UTF8*$!
{
	archiveVersion = 1;
	classes = {
	};
	objectVersion = 56;
	objects = {

/* Begin PBXBuildFile section */
		AA30F21D2BC4CBDB00B97FA6 /* AppDelegate.swift in Sources */ = {isa = PBXBuildFile; fileRef = AA30F21C2BC4CBDB00B97FA6 /* AppDelegate.swift */; };
		AA30F21F2BC4CBDB00B97FA6 /* SceneDelegate.swift in Sources */ = {isa = PBXBuildFile; fileRef = AA30F21E2BC4CBDB00B97FA6 /* SceneDelegate.swift */; };
		AA30F2262BC4CBDC00B97FA6 /* Assets.xcassets in Resources */ = {isa = PBXBuildFile; fileRef = AA30F2252BC4CBDC00B97FA6 /* Assets.xcassets */; };
		AA30F2292BC4CBDC00B97FA6 /* Base in Resources */ = {isa = PBXBuildFile; fileRef = AA30F2282BC4CBDC00B97FA6 /* Base */; };
		AA30F2382BE364BB00B97FA6 /* LoginViewController.swift in Sources */ = {isa = PBXBuildFile; fileRef = AA30F2372BE364BB00B97FA6 /* LoginViewController.swift */; };
		AA59DFE52BE4BC4E003A2A2A /* MainViewController.swift in Sources */ = {isa = PBXBuildFile; fileRef = AA59DFE42BE4BC4E003A2A2A /* MainViewController.swift */; };
		AAAC83D72BF739B9002E6AF1 /* LoginViewModel.swift in Sources */ = {isa = PBXBuildFile; fileRef = AAAC83D62BF739B9002E6AF1 /* LoginViewModel.swift */; };
		AAAC83D92BF7426A002E6AF1 /* MachineListCell.swift in Sources */ = {isa = PBXBuildFile; fileRef = AAAC83D82BF7426A002E6AF1 /* MachineListCell.swift */; };
		AAAC83DB2BFB25D4002E6AF1 /* TabBarController.swift in Sources */ = {isa = PBXBuildFile; fileRef = AAAC83DA2BFB25D4002E6AF1 /* TabBarController.swift */; };
		AAAC83DD2C04485F002E6AF1 /* LoginEndPoint.swift in Sources */ = {isa = PBXBuildFile; fileRef = AAAC83DC2C04485F002E6AF1 /* LoginEndPoint.swift */; };
		AAAC83EA2C046903002E6AF1 /* LoginUseCase.swift in Sources */ = {isa = PBXBuildFile; fileRef = AAAC83E92C046903002E6AF1 /* LoginUseCase.swift */; };
		AAAC83F12C049A2C002E6AF1 /* EndPoint.swift in Sources */ = {isa = PBXBuildFile; fileRef = AAAC83F02C049A2C002E6AF1 /* EndPoint.swift */; };
		AAAC83F32C049AC1002E6AF1 /* HTTPMethods.swift in Sources */ = {isa = PBXBuildFile; fileRef = AAAC83F22C049AC1002E6AF1 /* HTTPMethods.swift */; };
		AAAC83F52C049B13002E6AF1 /* HTTPParameter.swift in Sources */ = {isa = PBXBuildFile; fileRef = AAAC83F42C049B13002E6AF1 /* HTTPParameter.swift */; };
		AAAC83F72C049B4F002E6AF1 /* HTTPErrors.swift in Sources */ = {isa = PBXBuildFile; fileRef = AAAC83F62C049B4F002E6AF1 /* HTTPErrors.swift */; };
		AAAC83F92C049B79002E6AF1 /* Requestable.swift in Sources */ = {isa = PBXBuildFile; fileRef = AAAC83F82C049B79002E6AF1 /* Requestable.swift */; };
		AAAC83FB2C049BC9002E6AF1 /* HTTPHeader.swift in Sources */ = {isa = PBXBuildFile; fileRef = AAAC83FA2C049BC9002E6AF1 /* HTTPHeader.swift */; };
		AAAC83FD2C049D91002E6AF1 /* HTTPHeaders.swift in Sources */ = {isa = PBXBuildFile; fileRef = AAAC83FC2C049D91002E6AF1 /* HTTPHeaders.swift */; };
		AAAC83FF2C049DCD002E6AF1 /* APIProvider.swift in Sources */ = {isa = PBXBuildFile; fileRef = AAAC83FE2C049DCD002E6AF1 /* APIProvider.swift */; };
		AAAC84012C049DF2002E6AF1 /* Session.swift in Sources */ = {isa = PBXBuildFile; fileRef = AAAC84002C049DF2002E6AF1 /* Session.swift */; };
		AAAC84072C05A5C2002E6AF1 /* LoginResponse.swift in Sources */ = {isa = PBXBuildFile; fileRef = AAAC84062C05A5C2002E6AF1 /* LoginResponse.swift */; };
		AAAC840A2C05B5CF002E6AF1 /* LoginState.swift in Sources */ = {isa = PBXBuildFile; fileRef = AAAC84092C05B5CF002E6AF1 /* LoginState.swift */; };
		AAAC840C2C05C1E3002E6AF1 /* SignUpUseCase.swift in Sources */ = {isa = PBXBuildFile; fileRef = AAAC840B2C05C1E3002E6AF1 /* SignUpUseCase.swift */; };
		AAAC84162C05C430002E6AF1 /* SignUpViewController.swift in Sources */ = {isa = PBXBuildFile; fileRef = AAAC84152C05C430002E6AF1 /* SignUpViewController.swift */; };
		AAAC84182C05C43C002E6AF1 /* SignUpViewModel.swift in Sources */ = {isa = PBXBuildFile; fileRef = AAAC84172C05C43C002E6AF1 /* SignUpViewModel.swift */; };
/* End PBXBuildFile section */

/* Begin PBXCopyFilesBuildPhase section */
		AA70222C2BF7341F00D958B1 /* Embed Frameworks */ = {
			isa = PBXCopyFilesBuildPhase;
			buildActionMask = 2147483647;
			dstPath = "";
			dstSubfolderSpec = 10;
			files = (
			);
			name = "Embed Frameworks";
			runOnlyForDeploymentPostprocessing = 0;
		};
/* End PBXCopyFilesBuildPhase section */

/* Begin PBXFileReference section */
		AA30F2192BC4CBDB00B97FA6 /* JukoLock.app */ = {isa = PBXFileReference; explicitFileType = wrapper.application; includeInIndex = 0; path = JukoLock.app; sourceTree = BUILT_PRODUCTS_DIR; };
		AA30F21C2BC4CBDB00B97FA6 /* AppDelegate.swift */ = {isa = PBXFileReference; lastKnownFileType = sourcecode.swift; path = AppDelegate.swift; sourceTree = "<group>"; };
		AA30F21E2BC4CBDB00B97FA6 /* SceneDelegate.swift */ = {isa = PBXFileReference; lastKnownFileType = sourcecode.swift; path = SceneDelegate.swift; sourceTree = "<group>"; };
		AA30F2252BC4CBDC00B97FA6 /* Assets.xcassets */ = {isa = PBXFileReference; lastKnownFileType = folder.assetcatalog; path = Assets.xcassets; sourceTree = "<group>"; };
		AA30F2282BC4CBDC00B97FA6 /* Base */ = {isa = PBXFileReference; lastKnownFileType = file.storyboard; name = Base; path = Base.lproj/LaunchScreen.storyboard; sourceTree = "<group>"; };
		AA30F22A2BC4CBDC00B97FA6 /* Info.plist */ = {isa = PBXFileReference; lastKnownFileType = text.plist.xml; path = Info.plist; sourceTree = "<group>"; };
		AA30F2372BE364BB00B97FA6 /* LoginViewController.swift */ = {isa = PBXFileReference; lastKnownFileType = sourcecode.swift; path = LoginViewController.swift; sourceTree = "<group>"; };
		AA59DFE42BE4BC4E003A2A2A /* MainViewController.swift */ = {isa = PBXFileReference; lastKnownFileType = sourcecode.swift; path = MainViewController.swift; sourceTree = "<group>"; };
		AAAC83D62BF739B9002E6AF1 /* LoginViewModel.swift */ = {isa = PBXFileReference; lastKnownFileType = sourcecode.swift; path = LoginViewModel.swift; sourceTree = "<group>"; };
		AAAC83D82BF7426A002E6AF1 /* MachineListCell.swift */ = {isa = PBXFileReference; lastKnownFileType = sourcecode.swift; path = MachineListCell.swift; sourceTree = "<group>"; };
		AAAC83DA2BFB25D4002E6AF1 /* TabBarController.swift */ = {isa = PBXFileReference; lastKnownFileType = sourcecode.swift; path = TabBarController.swift; sourceTree = "<group>"; };
		AAAC83DC2C04485F002E6AF1 /* LoginEndPoint.swift */ = {isa = PBXFileReference; lastKnownFileType = sourcecode.swift; path = LoginEndPoint.swift; sourceTree = "<group>"; };
		AAAC83E92C046903002E6AF1 /* LoginUseCase.swift */ = {isa = PBXFileReference; lastKnownFileType = sourcecode.swift; path = LoginUseCase.swift; sourceTree = "<group>"; };
		AAAC83F02C049A2C002E6AF1 /* EndPoint.swift */ = {isa = PBXFileReference; lastKnownFileType = sourcecode.swift; path = EndPoint.swift; sourceTree = "<group>"; };
		AAAC83F22C049AC1002E6AF1 /* HTTPMethods.swift */ = {isa = PBXFileReference; lastKnownFileType = sourcecode.swift; path = HTTPMethods.swift; sourceTree = "<group>"; };
		AAAC83F42C049B13002E6AF1 /* HTTPParameter.swift */ = {isa = PBXFileReference; lastKnownFileType = sourcecode.swift; path = HTTPParameter.swift; sourceTree = "<group>"; };
		AAAC83F62C049B4F002E6AF1 /* HTTPErrors.swift */ = {isa = PBXFileReference; lastKnownFileType = sourcecode.swift; path = HTTPErrors.swift; sourceTree = "<group>"; };
		AAAC83F82C049B79002E6AF1 /* Requestable.swift */ = {isa = PBXFileReference; lastKnownFileType = sourcecode.swift; path = Requestable.swift; sourceTree = "<group>"; };
		AAAC83FA2C049BC9002E6AF1 /* HTTPHeader.swift */ = {isa = PBXFileReference; lastKnownFileType = sourcecode.swift; path = HTTPHeader.swift; sourceTree = "<group>"; };
		AAAC83FC2C049D91002E6AF1 /* HTTPHeaders.swift */ = {isa = PBXFileReference; lastKnownFileType = sourcecode.swift; path = HTTPHeaders.swift; sourceTree = "<group>"; };
		AAAC83FE2C049DCD002E6AF1 /* APIProvider.swift */ = {isa = PBXFileReference; lastKnownFileType = sourcecode.swift; path = APIProvider.swift; sourceTree = "<group>"; };
		AAAC84002C049DF2002E6AF1 /* Session.swift */ = {isa = PBXFileReference; lastKnownFileType = sourcecode.swift; path = Session.swift; sourceTree = "<group>"; };
		AAAC84062C05A5C2002E6AF1 /* LoginResponse.swift */ = {isa = PBXFileReference; lastKnownFileType = sourcecode.swift; path = LoginResponse.swift; sourceTree = "<group>"; };
		AAAC84092C05B5CF002E6AF1 /* LoginState.swift */ = {isa = PBXFileReference; lastKnownFileType = sourcecode.swift; path = LoginState.swift; sourceTree = "<group>"; };
		AAAC840B2C05C1E3002E6AF1 /* SignUpUseCase.swift */ = {isa = PBXFileReference; lastKnownFileType = sourcecode.swift; path = SignUpUseCase.swift; sourceTree = "<group>"; };
		AAAC84152C05C430002E6AF1 /* SignUpViewController.swift */ = {isa = PBXFileReference; lastKnownFileType = sourcecode.swift; path = SignUpViewController.swift; sourceTree = "<group>"; };
		AAAC84172C05C43C002E6AF1 /* SignUpViewModel.swift */ = {isa = PBXFileReference; lastKnownFileType = sourcecode.swift; path = SignUpViewModel.swift; sourceTree = "<group>"; };
/* End PBXFileReference section */

/* Begin PBXFrameworksBuildPhase section */
		AA30F2162BC4CBDB00B97FA6 /* Frameworks */ = {
			isa = PBXFrameworksBuildPhase;
			buildActionMask = 2147483647;
			files = (
			);
			runOnlyForDeploymentPostprocessing = 0;
		};
/* End PBXFrameworksBuildPhase section */

/* Begin PBXGroup section */
		AA30F2102BC4CBDB00B97FA6 = {
			isa = PBXGroup;
			children = (
				AAAC83EF2C049A1E002E6AF1 /* HNetwork */,
				AA30F21B2BC4CBDB00B97FA6 /* JukoLock */,
				AA30F21A2BC4CBDB00B97FA6 /* Products */,
				AA7022292BF7341F00D958B1 /* Frameworks */,
			);
			sourceTree = "<group>";
		};
		AA30F21A2BC4CBDB00B97FA6 /* Products */ = {
			isa = PBXGroup;
			children = (
				AA30F2192BC4CBDB00B97FA6 /* JukoLock.app */,
			);
			name = Products;
			sourceTree = "<group>";
		};
		AA30F21B2BC4CBDB00B97FA6 /* JukoLock */ = {
			isa = PBXGroup;
			children = (
				AAAC83E02C04668D002E6AF1 /* Scene */,
				AA30F2362BE3648A00B97FA6 /* ViewController */,
				AA30F2342BE3645D00B97FA6 /* View */,
				AA30F2302BE363E300B97FA6 /* App */,
				AA30F2252BC4CBDC00B97FA6 /* Assets.xcassets */,
				AA30F2272BC4CBDC00B97FA6 /* LaunchScreen.storyboard */,
				AA30F22A2BC4CBDC00B97FA6 /* Info.plist */,
			);
			path = JukoLock;
			sourceTree = "<group>";
		};
		AA30F2302BE363E300B97FA6 /* App */ = {
			isa = PBXGroup;
			children = (
				AA30F21C2BC4CBDB00B97FA6 /* AppDelegate.swift */,
				AA30F21E2BC4CBDB00B97FA6 /* SceneDelegate.swift */,
			);
			path = App;
			sourceTree = "<group>";
		};
		AA30F2342BE3645D00B97FA6 /* View */ = {
			isa = PBXGroup;
			children = (
				AAAC83D82BF7426A002E6AF1 /* MachineListCell.swift */,
			);
			path = View;
			sourceTree = "<group>";
		};
		AA30F2362BE3648A00B97FA6 /* ViewController */ = {
			isa = PBXGroup;
			children = (
				AA59DFE42BE4BC4E003A2A2A /* MainViewController.swift */,
				AAAC83DA2BFB25D4002E6AF1 /* TabBarController.swift */,
			);
			path = ViewController;
			sourceTree = "<group>";
		};
		AA7022292BF7341F00D958B1 /* Frameworks */ = {
			isa = PBXGroup;
			children = (
			);
			name = Frameworks;
			sourceTree = "<group>";
		};
		AAAC83E02C04668D002E6AF1 /* Scene */ = {
			isa = PBXGroup;
			children = (
				AAAC840D2C05C3B8002E6AF1 /* SignUp */,
				AAAC83E12C04669B002E6AF1 /* Login */,
			);
			path = Scene;
			sourceTree = "<group>";
		};
		AAAC83E12C04669B002E6AF1 /* Login */ = {
			isa = PBXGroup;
			children = (
				AAAC83E22C04676A002E6AF1 /* Entities */,
				AAAC83E32C046772002E6AF1 /* InterfaceAdapters */,
				AAAC83E42C04677C002E6AF1 /* Network */,
				AAAC83E52C046785002E6AF1 /* UseCases */,
				AAAC84082C05B5B3002E6AF1 /* Model */,
			);
			path = Login;
			sourceTree = "<group>";
		};
		AAAC83E22C04676A002E6AF1 /* Entities */ = {
			isa = PBXGroup;
			children = (
				AAAC84062C05A5C2002E6AF1 /* LoginResponse.swift */,
			);
			path = Entities;
			sourceTree = "<group>";
		};
		AAAC83E32C046772002E6AF1 /* InterfaceAdapters */ = {
			isa = PBXGroup;
			children = (
				AAAC83E72C04682E002E6AF1 /* View */,
				AAAC83E82C046833002E6AF1 /* ViewModel */,
			);
			path = InterfaceAdapters;
			sourceTree = "<group>";
		};
		AAAC83E42C04677C002E6AF1 /* Network */ = {
			isa = PBXGroup;
			children = (
				AAAC83E62C0467C9002E6AF1 /* Model */,
			);
			path = Network;
			sourceTree = "<group>";
		};
		AAAC83E52C046785002E6AF1 /* UseCases */ = {
			isa = PBXGroup;
			children = (
				AAAC83E92C046903002E6AF1 /* LoginUseCase.swift */,
			);
			path = UseCases;
			sourceTree = "<group>";
		};
		AAAC83E62C0467C9002E6AF1 /* Model */ = {
			isa = PBXGroup;
			children = (
				AAAC83DC2C04485F002E6AF1 /* LoginEndPoint.swift */,
			);
			path = Model;
			sourceTree = "<group>";
		};
		AAAC83E72C04682E002E6AF1 /* View */ = {
			isa = PBXGroup;
			children = (
				AA30F2372BE364BB00B97FA6 /* LoginViewController.swift */,
			);
			path = View;
			sourceTree = "<group>";
		};
		AAAC83E82C046833002E6AF1 /* ViewModel */ = {
			isa = PBXGroup;
			children = (
				AAAC83D62BF739B9002E6AF1 /* LoginViewModel.swift */,
			);
			path = ViewModel;
			sourceTree = "<group>";
		};
		AAAC83EF2C049A1E002E6AF1 /* HNetwork */ = {
			isa = PBXGroup;
			children = (
				AAAC83F02C049A2C002E6AF1 /* EndPoint.swift */,
				AAAC83FA2C049BC9002E6AF1 /* HTTPHeader.swift */,
				AAAC83FC2C049D91002E6AF1 /* HTTPHeaders.swift */,
				AAAC83F22C049AC1002E6AF1 /* HTTPMethods.swift */,
				AAAC83F42C049B13002E6AF1 /* HTTPParameter.swift */,
				AAAC83F62C049B4F002E6AF1 /* HTTPErrors.swift */,
				AAAC83F82C049B79002E6AF1 /* Requestable.swift */,
				AAAC83FE2C049DCD002E6AF1 /* APIProvider.swift */,
				AAAC84002C049DF2002E6AF1 /* Session.swift */,
			);
			path = HNetwork;
			sourceTree = "<group>";
		};
		AAAC84082C05B5B3002E6AF1 /* Model */ = {
			isa = PBXGroup;
			children = (
				AAAC84092C05B5CF002E6AF1 /* LoginState.swift */,
			);
			path = Model;
			sourceTree = "<group>";
		};
		AAAC840D2C05C3B8002E6AF1 /* SignUp */ = {
			isa = PBXGroup;
			children = (
				AAAC840E2C05C3BE002E6AF1 /* Entities */,
				AAAC840F2C05C3C4002E6AF1 /* InterfaceAdapters */,
				AAAC84122C05C3EB002E6AF1 /* Model */,
				AAAC84112C05C3DE002E6AF1 /* UseCases */,
			);
			path = SignUp;
			sourceTree = "<group>";
		};
		AAAC840E2C05C3BE002E6AF1 /* Entities */ = {
			isa = PBXGroup;
			children = (
			);
			path = Entities;
			sourceTree = "<group>";
		};
		AAAC840F2C05C3C4002E6AF1 /* InterfaceAdapters */ = {
			isa = PBXGroup;
			children = (
				AAAC84132C05C40A002E6AF1 /* View */,
				AAAC84142C05C410002E6AF1 /* ViewModel */,
			);
			path = InterfaceAdapters;
			sourceTree = "<group>";
		};
		AAAC84112C05C3DE002E6AF1 /* UseCases */ = {
			isa = PBXGroup;
			children = (
				AAAC840B2C05C1E3002E6AF1 /* SignUpUseCase.swift */,
			);
			path = UseCases;
			sourceTree = "<group>";
		};
		AAAC84122C05C3EB002E6AF1 /* Model */ = {
			isa = PBXGroup;
			children = (
			);
			path = Model;
			sourceTree = "<group>";
		};
		AAAC84132C05C40A002E6AF1 /* View */ = {
			isa = PBXGroup;
			children = (
				AAAC84152C05C430002E6AF1 /* SignUpViewController.swift */,
			);
			path = View;
			sourceTree = "<group>";
		};
		AAAC84142C05C410002E6AF1 /* ViewModel */ = {
			isa = PBXGroup;
			children = (
				AAAC84172C05C43C002E6AF1 /* SignUpViewModel.swift */,
			);
			path = ViewModel;
			sourceTree = "<group>";
		};
/* End PBXGroup section */

/* Begin PBXNativeTarget section */
		AA30F2182BC4CBDB00B97FA6 /* JukoLock */ = {
			isa = PBXNativeTarget;
			buildConfigurationList = AA30F22D2BC4CBDC00B97FA6 /* Build configuration list for PBXNativeTarget "JukoLock" */;
			buildPhases = (
				AA30F2152BC4CBDB00B97FA6 /* Sources */,
				AA30F2162BC4CBDB00B97FA6 /* Frameworks */,
				AA30F2172BC4CBDB00B97FA6 /* Resources */,
				AA70222C2BF7341F00D958B1 /* Embed Frameworks */,
			);
			buildRules = (
			);
			dependencies = (
			);
			name = JukoLock;
			productName = JukoLock;
			productReference = AA30F2192BC4CBDB00B97FA6 /* JukoLock.app */;
			productType = "com.apple.product-type.application";
		};
/* End PBXNativeTarget section */

/* Begin PBXProject section */
		AA30F2112BC4CBDB00B97FA6 /* Project object */ = {
			isa = PBXProject;
			attributes = {
				BuildIndependentTargetsInParallel = 1;
				LastSwiftUpdateCheck = 1530;
				LastUpgradeCheck = 1530;
				TargetAttributes = {
					AA30F2182BC4CBDB00B97FA6 = {
						CreatedOnToolsVersion = 15.3;
					};
				};
			};
			buildConfigurationList = AA30F2142BC4CBDB00B97FA6 /* Build configuration list for PBXProject "JukoLock" */;
			compatibilityVersion = "Xcode 14.0";
			developmentRegion = en;
			hasScannedForEncodings = 0;
			knownRegions = (
				en,
				Base,
			);
			mainGroup = AA30F2102BC4CBDB00B97FA6;
			productRefGroup = AA30F21A2BC4CBDB00B97FA6 /* Products */;
			projectDirPath = "";
			projectRoot = "";
			targets = (
				AA30F2182BC4CBDB00B97FA6 /* JukoLock */,
			);
		};
/* End PBXProject section */

/* Begin PBXResourcesBuildPhase section */
		AA30F2172BC4CBDB00B97FA6 /* Resources */ = {
			isa = PBXResourcesBuildPhase;
			buildActionMask = 2147483647;
			files = (
				AA30F2262BC4CBDC00B97FA6 /* Assets.xcassets in Resources */,
				AA30F2292BC4CBDC00B97FA6 /* Base in Resources */,
			);
			runOnlyForDeploymentPostprocessing = 0;
		};
/* End PBXResourcesBuildPhase section */

/* Begin PBXSourcesBuildPhase section */
		AA30F2152BC4CBDB00B97FA6 /* Sources */ = {
			isa = PBXSourcesBuildPhase;
			buildActionMask = 2147483647;
			files = (
				AAAC84162C05C430002E6AF1 /* SignUpViewController.swift in Sources */,
				AAAC84012C049DF2002E6AF1 /* Session.swift in Sources */,
				AAAC840A2C05B5CF002E6AF1 /* LoginState.swift in Sources */,
				AAAC83FD2C049D91002E6AF1 /* HTTPHeaders.swift in Sources */,
				AAAC83DD2C04485F002E6AF1 /* LoginEndPoint.swift in Sources */,
				AA30F2382BE364BB00B97FA6 /* LoginViewController.swift in Sources */,
				AAAC83FF2C049DCD002E6AF1 /* APIProvider.swift in Sources */,
				AA30F21D2BC4CBDB00B97FA6 /* AppDelegate.swift in Sources */,
				AAAC84072C05A5C2002E6AF1 /* LoginResponse.swift in Sources */,
				AA30F21F2BC4CBDB00B97FA6 /* SceneDelegate.swift in Sources */,
				AAAC83F72C049B4F002E6AF1 /* HTTPErrors.swift in Sources */,
				AAAC83F32C049AC1002E6AF1 /* HTTPMethods.swift in Sources */,
				AAAC83F12C049A2C002E6AF1 /* EndPoint.swift in Sources */,
				AAAC84182C05C43C002E6AF1 /* SignUpViewModel.swift in Sources */,
				AAAC83F92C049B79002E6AF1 /* Requestable.swift in Sources */,
				AAAC83D92BF7426A002E6AF1 /* MachineListCell.swift in Sources */,
				AAAC83FB2C049BC9002E6AF1 /* HTTPHeader.swift in Sources */,
				AAAC83DB2BFB25D4002E6AF1 /* TabBarController.swift in Sources */,
				AAAC83D72BF739B9002E6AF1 /* LoginViewModel.swift in Sources */,
				AAAC840C2C05C1E3002E6AF1 /* SignUpUseCase.swift in Sources */,
				AA59DFE52BE4BC4E003A2A2A /* MainViewController.swift in Sources */,
				AAAC83EA2C046903002E6AF1 /* LoginUseCase.swift in Sources */,
				AAAC83F52C049B13002E6AF1 /* HTTPParameter.swift in Sources */,
			);
			runOnlyForDeploymentPostprocessing = 0;
		};
/* End PBXSourcesBuildPhase section */

/* Begin PBXVariantGroup section */
		AA30F2272BC4CBDC00B97FA6 /* LaunchScreen.storyboard */ = {
			isa = PBXVariantGroup;
			children = (
				AA30F2282BC4CBDC00B97FA6 /* Base */,
			);
			name = LaunchScreen.storyboard;
			sourceTree = "<group>";
		};
/* End PBXVariantGroup section */

/* Begin XCBuildConfiguration section */
		AA30F22B2BC4CBDC00B97FA6 /* Debug */ = {
			isa = XCBuildConfiguration;
			buildSettings = {
				ALWAYS_SEARCH_USER_PATHS = NO;
				ASSETCATALOG_COMPILER_GENERATE_SWIFT_ASSET_SYMBOL_EXTENSIONS = YES;
				CLANG_ANALYZER_NONNULL = YES;
				CLANG_ANALYZER_NUMBER_OBJECT_CONVERSION = YES_AGGRESSIVE;
				CLANG_CXX_LANGUAGE_STANDARD = "gnu++20";
				CLANG_ENABLE_MODULES = YES;
				CLANG_ENABLE_OBJC_ARC = YES;
				CLANG_ENABLE_OBJC_WEAK = YES;
				CLANG_WARN_BLOCK_CAPTURE_AUTORELEASING = YES;
				CLANG_WARN_BOOL_CONVERSION = YES;
				CLANG_WARN_COMMA = YES;
				CLANG_WARN_CONSTANT_CONVERSION = YES;
				CLANG_WARN_DEPRECATED_OBJC_IMPLEMENTATIONS = YES;
				CLANG_WARN_DIRECT_OBJC_ISA_USAGE = YES_ERROR;
				CLANG_WARN_DOCUMENTATION_COMMENTS = YES;
				CLANG_WARN_EMPTY_BODY = YES;
				CLANG_WARN_ENUM_CONVERSION = YES;
				CLANG_WARN_INFINITE_RECURSION = YES;
				CLANG_WARN_INT_CONVERSION = YES;
				CLANG_WARN_NON_LITERAL_NULL_CONVERSION = YES;
				CLANG_WARN_OBJC_IMPLICIT_RETAIN_SELF = YES;
				CLANG_WARN_OBJC_LITERAL_CONVERSION = YES;
				CLANG_WARN_OBJC_ROOT_CLASS = YES_ERROR;
				CLANG_WARN_QUOTED_INCLUDE_IN_FRAMEWORK_HEADER = YES;
				CLANG_WARN_RANGE_LOOP_ANALYSIS = YES;
				CLANG_WARN_STRICT_PROTOTYPES = YES;
				CLANG_WARN_SUSPICIOUS_MOVE = YES;
				CLANG_WARN_UNGUARDED_AVAILABILITY = YES_AGGRESSIVE;
				CLANG_WARN_UNREACHABLE_CODE = YES;
				CLANG_WARN__DUPLICATE_METHOD_MATCH = YES;
				COPY_PHASE_STRIP = NO;
				DEBUG_INFORMATION_FORMAT = dwarf;
				ENABLE_STRICT_OBJC_MSGSEND = YES;
				ENABLE_TESTABILITY = YES;
				ENABLE_USER_SCRIPT_SANDBOXING = YES;
				GCC_C_LANGUAGE_STANDARD = gnu17;
				GCC_DYNAMIC_NO_PIC = NO;
				GCC_NO_COMMON_BLOCKS = YES;
				GCC_OPTIMIZATION_LEVEL = 0;
				GCC_PREPROCESSOR_DEFINITIONS = (
					"DEBUG=1",
					"$(inherited)",
				);
				GCC_WARN_64_TO_32_BIT_CONVERSION = YES;
				GCC_WARN_ABOUT_RETURN_TYPE = YES_ERROR;
				GCC_WARN_UNDECLARED_SELECTOR = YES;
				GCC_WARN_UNINITIALIZED_AUTOS = YES_AGGRESSIVE;
				GCC_WARN_UNUSED_FUNCTION = YES;
				GCC_WARN_UNUSED_VARIABLE = YES;
				IPHONEOS_DEPLOYMENT_TARGET = 17.4;
				LOCALIZATION_PREFERS_STRING_CATALOGS = YES;
				MTL_ENABLE_DEBUG_INFO = INCLUDE_SOURCE;
				MTL_FAST_MATH = YES;
				ONLY_ACTIVE_ARCH = YES;
				SDKROOT = iphoneos;
				SWIFT_ACTIVE_COMPILATION_CONDITIONS = "DEBUG $(inherited)";
				SWIFT_OPTIMIZATION_LEVEL = "-Onone";
			};
			name = Debug;
		};
		AA30F22C2BC4CBDC00B97FA6 /* Release */ = {
			isa = XCBuildConfiguration;
			buildSettings = {
				ALWAYS_SEARCH_USER_PATHS = NO;
				ASSETCATALOG_COMPILER_GENERATE_SWIFT_ASSET_SYMBOL_EXTENSIONS = YES;
				CLANG_ANALYZER_NONNULL = YES;
				CLANG_ANALYZER_NUMBER_OBJECT_CONVERSION = YES_AGGRESSIVE;
				CLANG_CXX_LANGUAGE_STANDARD = "gnu++20";
				CLANG_ENABLE_MODULES = YES;
				CLANG_ENABLE_OBJC_ARC = YES;
				CLANG_ENABLE_OBJC_WEAK = YES;
				CLANG_WARN_BLOCK_CAPTURE_AUTORELEASING = YES;
				CLANG_WARN_BOOL_CONVERSION = YES;
				CLANG_WARN_COMMA = YES;
				CLANG_WARN_CONSTANT_CONVERSION = YES;
				CLANG_WARN_DEPRECATED_OBJC_IMPLEMENTATIONS = YES;
				CLANG_WARN_DIRECT_OBJC_ISA_USAGE = YES_ERROR;
				CLANG_WARN_DOCUMENTATION_COMMENTS = YES;
				CLANG_WARN_EMPTY_BODY = YES;
				CLANG_WARN_ENUM_CONVERSION = YES;
				CLANG_WARN_INFINITE_RECURSION = YES;
				CLANG_WARN_INT_CONVERSION = YES;
				CLANG_WARN_NON_LITERAL_NULL_CONVERSION = YES;
				CLANG_WARN_OBJC_IMPLICIT_RETAIN_SELF = YES;
				CLANG_WARN_OBJC_LITERAL_CONVERSION = YES;
				CLANG_WARN_OBJC_ROOT_CLASS = YES_ERROR;
				CLANG_WARN_QUOTED_INCLUDE_IN_FRAMEWORK_HEADER = YES;
				CLANG_WARN_RANGE_LOOP_ANALYSIS = YES;
				CLANG_WARN_STRICT_PROTOTYPES = YES;
				CLANG_WARN_SUSPICIOUS_MOVE = YES;
				CLANG_WARN_UNGUARDED_AVAILABILITY = YES_AGGRESSIVE;
				CLANG_WARN_UNREACHABLE_CODE = YES;
				CLANG_WARN__DUPLICATE_METHOD_MATCH = YES;
				COPY_PHASE_STRIP = NO;
				DEBUG_INFORMATION_FORMAT = "dwarf-with-dsym";
				ENABLE_NS_ASSERTIONS = NO;
				ENABLE_STRICT_OBJC_MSGSEND = YES;
				ENABLE_USER_SCRIPT_SANDBOXING = YES;
				GCC_C_LANGUAGE_STANDARD = gnu17;
				GCC_NO_COMMON_BLOCKS = YES;
				GCC_WARN_64_TO_32_BIT_CONVERSION = YES;
				GCC_WARN_ABOUT_RETURN_TYPE = YES_ERROR;
				GCC_WARN_UNDECLARED_SELECTOR = YES;
				GCC_WARN_UNINITIALIZED_AUTOS = YES_AGGRESSIVE;
				GCC_WARN_UNUSED_FUNCTION = YES;
				GCC_WARN_UNUSED_VARIABLE = YES;
				IPHONEOS_DEPLOYMENT_TARGET = 17.4;
				LOCALIZATION_PREFERS_STRING_CATALOGS = YES;
				MTL_ENABLE_DEBUG_INFO = NO;
				MTL_FAST_MATH = YES;
				SDKROOT = iphoneos;
				SWIFT_COMPILATION_MODE = wholemodule;
				VALIDATE_PRODUCT = YES;
			};
			name = Release;
		};
		AA30F22E2BC4CBDC00B97FA6 /* Debug */ = {
			isa = XCBuildConfiguration;
			buildSettings = {
				ASSETCATALOG_COMPILER_APPICON_NAME = AppIcon;
				ASSETCATALOG_COMPILER_GLOBAL_ACCENT_COLOR_NAME = AccentColor;
				CODE_SIGN_STYLE = Automatic;
				CURRENT_PROJECT_VERSION = 1;
				DEVELOPMENT_TEAM = W36L2A7H57;
				GENERATE_INFOPLIST_FILE = YES;
				INFOPLIST_FILE = JukoLock/Info.plist;
				INFOPLIST_KEY_UIApplicationSupportsIndirectInputEvents = YES;
				INFOPLIST_KEY_UILaunchStoryboardName = LaunchScreen;
				INFOPLIST_KEY_UISupportedInterfaceOrientations_iPad = "UIInterfaceOrientationPortrait UIInterfaceOrientationPortraitUpsideDown UIInterfaceOrientationLandscapeLeft UIInterfaceOrientationLandscapeRight";
				INFOPLIST_KEY_UISupportedInterfaceOrientations_iPhone = "UIInterfaceOrientationPortrait UIInterfaceOrientationLandscapeLeft UIInterfaceOrientationLandscapeRight";
				LD_RUNPATH_SEARCH_PATHS = (
					"$(inherited)",
					"@executable_path/Frameworks",
				);
				MARKETING_VERSION = 1.0;
				PRODUCT_BUNDLE_IDENTIFIER = com.JukoBox.JukoLock;
				PRODUCT_NAME = "$(TARGET_NAME)";
				SWIFT_EMIT_LOC_STRINGS = YES;
				SWIFT_VERSION = 5.0;
				TARGETED_DEVICE_FAMILY = "1,2";
			};
			name = Debug;
		};
		AA30F22F2BC4CBDC00B97FA6 /* Release */ = {
			isa = XCBuildConfiguration;
			buildSettings = {
				ASSETCATALOG_COMPILER_APPICON_NAME = AppIcon;
				ASSETCATALOG_COMPILER_GLOBAL_ACCENT_COLOR_NAME = AccentColor;
				CODE_SIGN_STYLE = Automatic;
				CURRENT_PROJECT_VERSION = 1;
				DEVELOPMENT_TEAM = W36L2A7H57;
				GENERATE_INFOPLIST_FILE = YES;
				INFOPLIST_FILE = JukoLock/Info.plist;
				INFOPLIST_KEY_UIApplicationSupportsIndirectInputEvents = YES;
				INFOPLIST_KEY_UILaunchStoryboardName = LaunchScreen;
				INFOPLIST_KEY_UISupportedInterfaceOrientations_iPad = "UIInterfaceOrientationPortrait UIInterfaceOrientationPortraitUpsideDown UIInterfaceOrientationLandscapeLeft UIInterfaceOrientationLandscapeRight";
				INFOPLIST_KEY_UISupportedInterfaceOrientations_iPhone = "UIInterfaceOrientationPortrait UIInterfaceOrientationLandscapeLeft UIInterfaceOrientationLandscapeRight";
				LD_RUNPATH_SEARCH_PATHS = (
					"$(inherited)",
					"@executable_path/Frameworks",
				);
				MARKETING_VERSION = 1.0;
				PRODUCT_BUNDLE_IDENTIFIER = com.JukoBox.JukoLock;
				PRODUCT_NAME = "$(TARGET_NAME)";
				SWIFT_EMIT_LOC_STRINGS = YES;
				SWIFT_VERSION = 5.0;
				TARGETED_DEVICE_FAMILY = "1,2";
			};
			name = Release;
		};
/* End XCBuildConfiguration section */

/* Begin XCConfigurationList section */
		AA30F2142BC4CBDB00B97FA6 /* Build configuration list for PBXProject "JukoLock" */ = {
			isa = XCConfigurationList;
			buildConfigurations = (
				AA30F22B2BC4CBDC00B97FA6 /* Debug */,
				AA30F22C2BC4CBDC00B97FA6 /* Release */,
			);
			defaultConfigurationIsVisible = 0;
			defaultConfigurationName = Release;
		};
		AA30F22D2BC4CBDC00B97FA6 /* Build configuration list for PBXNativeTarget "JukoLock" */ = {
			isa = XCConfigurationList;
			buildConfigurations = (
				AA30F22E2BC4CBDC00B97FA6 /* Debug */,
				AA30F22F2BC4CBDC00B97FA6 /* Release */,
			);
			defaultConfigurationIsVisible = 0;
			defaultConfigurationName = Release;
		};
/* End XCConfigurationList section */
	};
	rootObject = AA30F2112BC4CBDB00B97FA6 /* Project object */;
}
