// !$*UTF8*$!
{
	archiveVersion = 1;
	classes = {
	};
	objectVersion = 56;
	objects = {

/* Begin PBXBuildFile section */
		AA1A202B2C69CE19005A3307 /* CreateEndPoint.swift in Sources */ = {isa = PBXBuildFile; fileRef = AA1A202A2C69CE19005A3307 /* CreateEndPoint.swift */; };
		AA1A202D2C69D284005A3307 /* GroupManagementEndPoint.swift in Sources */ = {isa = PBXBuildFile; fileRef = AA1A202C2C69D284005A3307 /* GroupManagementEndPoint.swift */; };
		AA1A202F2C69DE75005A3307 /* GroupListResponse.swift in Sources */ = {isa = PBXBuildFile; fileRef = AA1A202E2C69DE75005A3307 /* GroupListResponse.swift */; };
		AA1A20312C69E7F2005A3307 /* Group.swift in Sources */ = {isa = PBXBuildFile; fileRef = AA1A20302C69E7F2005A3307 /* Group.swift */; };
		AA1A20332C69F010005A3307 /* CreateGroupResponse.swift in Sources */ = {isa = PBXBuildFile; fileRef = AA1A20322C69F010005A3307 /* CreateGroupResponse.swift */; };
		AA1A20352C6B374E005A3307 /* Invite.swift in Sources */ = {isa = PBXBuildFile; fileRef = AA1A20342C6B374E005A3307 /* Invite.swift */; };
		AA1A20372C6B3828005A3307 /* User.swift in Sources */ = {isa = PBXBuildFile; fileRef = AA1A20362C6B3828005A3307 /* User.swift */; };
		AA1A20392C6B3850005A3307 /* InviteResponse.swift in Sources */ = {isa = PBXBuildFile; fileRef = AA1A20382C6B3850005A3307 /* InviteResponse.swift */; };
		AA1A203B2C6B3951005A3307 /* MainUseCase.swift in Sources */ = {isa = PBXBuildFile; fileRef = AA1A203A2C6B3951005A3307 /* MainUseCase.swift */; };
		AA1A203D2C6B39BC005A3307 /* MainEndPoint.swift in Sources */ = {isa = PBXBuildFile; fileRef = AA1A203C2C6B39BC005A3307 /* MainEndPoint.swift */; };
		AA1A20472C6B4234005A3307 /* InvitationListViewController.swift in Sources */ = {isa = PBXBuildFile; fileRef = AA1A20462C6B4234005A3307 /* InvitationListViewController.swift */; };
		AA1A20492C6B42D5005A3307 /* InvitationListViewModel.swift in Sources */ = {isa = PBXBuildFile; fileRef = AA1A20482C6B42D5005A3307 /* InvitationListViewModel.swift */; };
		AA1A204B2C6B4308005A3307 /* InvitationListUseCase.swift in Sources */ = {isa = PBXBuildFile; fileRef = AA1A204A2C6B4308005A3307 /* InvitationListUseCase.swift */; };
		AA1A204D2C6B4369005A3307 /* InvitationAcceptResponse.swift in Sources */ = {isa = PBXBuildFile; fileRef = AA1A204C2C6B4369005A3307 /* InvitationAcceptResponse.swift */; };
		AA1A204F2C6B4401005A3307 /* InvitationAcceptEndPoint.swift in Sources */ = {isa = PBXBuildFile; fileRef = AA1A204E2C6B4401005A3307 /* InvitationAcceptEndPoint.swift */; };
		AA30F21D2BC4CBDB00B97FA6 /* AppDelegate.swift in Sources */ = {isa = PBXBuildFile; fileRef = AA30F21C2BC4CBDB00B97FA6 /* AppDelegate.swift */; };
		AA30F21F2BC4CBDB00B97FA6 /* SceneDelegate.swift in Sources */ = {isa = PBXBuildFile; fileRef = AA30F21E2BC4CBDB00B97FA6 /* SceneDelegate.swift */; };
		AA30F2262BC4CBDC00B97FA6 /* Assets.xcassets in Resources */ = {isa = PBXBuildFile; fileRef = AA30F2252BC4CBDC00B97FA6 /* Assets.xcassets */; };
		AA30F2292BC4CBDC00B97FA6 /* Base in Resources */ = {isa = PBXBuildFile; fileRef = AA30F2282BC4CBDC00B97FA6 /* Base */; };
		AA30F2382BE364BB00B97FA6 /* LoginViewController.swift in Sources */ = {isa = PBXBuildFile; fileRef = AA30F2372BE364BB00B97FA6 /* LoginViewController.swift */; };
		AA59DFE52BE4BC4E003A2A2A /* MainViewController.swift in Sources */ = {isa = PBXBuildFile; fileRef = AA59DFE42BE4BC4E003A2A2A /* MainViewController.swift */; };
		AAAC83D72BF739B9002E6AF1 /* LoginViewModel.swift in Sources */ = {isa = PBXBuildFile; fileRef = AAAC83D62BF739B9002E6AF1 /* LoginViewModel.swift */; };
		AAAC83D92BF7426A002E6AF1 /* MachineListCell.swift in Sources */ = {isa = PBXBuildFile; fileRef = AAAC83D82BF7426A002E6AF1 /* MachineListCell.swift */; };
		AAAC83DB2BFB25D4002E6AF1 /* TabBarController.swift in Sources */ = {isa = PBXBuildFile; fileRef = AAAC83DA2BFB25D4002E6AF1 /* TabBarController.swift */; };
		AAAC83DD2C04485F002E6AF1 /* LoginEndPoint.swift in Sources */ = {isa = PBXBuildFile; fileRef = AAAC83DC2C04485F002E6AF1 /* LoginEndPoint.swift */; };
		AAAC83EA2C046903002E6AF1 /* LoginUseCase.swift in Sources */ = {isa = PBXBuildFile; fileRef = AAAC83E92C046903002E6AF1 /* LoginUseCase.swift */; };
		AAAC83F12C049A2C002E6AF1 /* EndPoint.swift in Sources */ = {isa = PBXBuildFile; fileRef = AAAC83F02C049A2C002E6AF1 /* EndPoint.swift */; };
		AAAC83F32C049AC1002E6AF1 /* HTTPMethods.swift in Sources */ = {isa = PBXBuildFile; fileRef = AAAC83F22C049AC1002E6AF1 /* HTTPMethods.swift */; };
		AAAC83F52C049B13002E6AF1 /* HTTPParameter.swift in Sources */ = {isa = PBXBuildFile; fileRef = AAAC83F42C049B13002E6AF1 /* HTTPParameter.swift */; };
		AAAC83F72C049B4F002E6AF1 /* HTTPErrors.swift in Sources */ = {isa = PBXBuildFile; fileRef = AAAC83F62C049B4F002E6AF1 /* HTTPErrors.swift */; };
		AAAC83F92C049B79002E6AF1 /* Requestable.swift in Sources */ = {isa = PBXBuildFile; fileRef = AAAC83F82C049B79002E6AF1 /* Requestable.swift */; };
		AAAC83FB2C049BC9002E6AF1 /* HTTPHeader.swift in Sources */ = {isa = PBXBuildFile; fileRef = AAAC83FA2C049BC9002E6AF1 /* HTTPHeader.swift */; };
		AAAC83FD2C049D91002E6AF1 /* HTTPHeaders.swift in Sources */ = {isa = PBXBuildFile; fileRef = AAAC83FC2C049D91002E6AF1 /* HTTPHeaders.swift */; };
		AAAC83FF2C049DCD002E6AF1 /* APIProvider.swift in Sources */ = {isa = PBXBuildFile; fileRef = AAAC83FE2C049DCD002E6AF1 /* APIProvider.swift */; };
		AAAC84012C049DF2002E6AF1 /* Session.swift in Sources */ = {isa = PBXBuildFile; fileRef = AAAC84002C049DF2002E6AF1 /* Session.swift */; };
		AAAC84072C05A5C2002E6AF1 /* LoginResponse.swift in Sources */ = {isa = PBXBuildFile; fileRef = AAAC84062C05A5C2002E6AF1 /* LoginResponse.swift */; };
		AAAC840A2C05B5CF002E6AF1 /* LoginState.swift in Sources */ = {isa = PBXBuildFile; fileRef = AAAC84092C05B5CF002E6AF1 /* LoginState.swift */; };
		AAAC84212C0B5317002E6AF1 /* MainViewModel.swift in Sources */ = {isa = PBXBuildFile; fileRef = AAAC84202C0B5317002E6AF1 /* MainViewModel.swift */; };
		AAE8A5262C37982200D4A5D6 /* MachineSettingViewController.swift in Sources */ = {isa = PBXBuildFile; fileRef = AAE8A5162C37982200D4A5D6 /* MachineSettingViewController.swift */; };
		AAE8A5272C37982200D4A5D6 /* MachineSettingViewModel.swift in Sources */ = {isa = PBXBuildFile; fileRef = AAE8A5182C37982200D4A5D6 /* MachineSettingViewModel.swift */; };
		AAE8A5282C37982200D4A5D6 /* MyProfileViewController.swift in Sources */ = {isa = PBXBuildFile; fileRef = AAE8A51F2C37982200D4A5D6 /* MyProfileViewController.swift */; };
		AAE8A52B2C3798B300D4A5D6 /* CarouselViewCell.swift in Sources */ = {isa = PBXBuildFile; fileRef = AAE8A5292C3798B300D4A5D6 /* CarouselViewCell.swift */; };
		AAE8A5372C37995C00D4A5D6 /* SignUpViewController.swift in Sources */ = {isa = PBXBuildFile; fileRef = AAE8A52E2C37995C00D4A5D6 /* SignUpViewController.swift */; };
		AAE8A5382C37995C00D4A5D6 /* SignUpViewModel.swift in Sources */ = {isa = PBXBuildFile; fileRef = AAE8A5302C37995C00D4A5D6 /* SignUpViewModel.swift */; };
		AAE8A5392C37995C00D4A5D6 /* SignUpUseCase.swift in Sources */ = {isa = PBXBuildFile; fileRef = AAE8A5342C37995C00D4A5D6 /* SignUpUseCase.swift */; };
		AAE8A53B2C37DB7A00D4A5D6 /* MyProfileMenuCell.swift in Sources */ = {isa = PBXBuildFile; fileRef = AAE8A53A2C37DB7A00D4A5D6 /* MyProfileMenuCell.swift */; };
		AAE8A53E2C5F900600D4A5D6 /* KeyChainManager.swift in Sources */ = {isa = PBXBuildFile; fileRef = AAE8A53D2C5F900600D4A5D6 /* KeyChainManager.swift */; };
		AAE8A5402C5F936800D4A5D6 /* TokenManager.swift in Sources */ = {isa = PBXBuildFile; fileRef = AAE8A53F2C5F936800D4A5D6 /* TokenManager.swift */; };
		AAE8A54E2C5FAE0600D4A5D6 /* GroupManagementViewModel.swift in Sources */ = {isa = PBXBuildFile; fileRef = AAE8A54D2C5FAE0600D4A5D6 /* GroupManagementViewModel.swift */; };
		AAE8A5502C5FAE1600D4A5D6 /* GroupManagementViewController.swift in Sources */ = {isa = PBXBuildFile; fileRef = AAE8A54F2C5FAE1600D4A5D6 /* GroupManagementViewController.swift */; };
		AAE8A5522C60530700D4A5D6 /* GroupManagementUseCase.swift in Sources */ = {isa = PBXBuildFile; fileRef = AAE8A5512C60530700D4A5D6 /* GroupManagementUseCase.swift */; };
		AAE8A5542C60598800D4A5D6 /* GroupListCell.swift in Sources */ = {isa = PBXBuildFile; fileRef = AAE8A5532C60598800D4A5D6 /* GroupListCell.swift */; };
		AAE8A55E2C60B04000D4A5D6 /* CreateViewController.swift in Sources */ = {isa = PBXBuildFile; fileRef = AAE8A55D2C60B04000D4A5D6 /* CreateViewController.swift */; };
		AAE8A5602C60B0F500D4A5D6 /* CreateViewModel.swift in Sources */ = {isa = PBXBuildFile; fileRef = AAE8A55F2C60B0F500D4A5D6 /* CreateViewModel.swift */; };
		AAE8A5622C60B30C00D4A5D6 /* CreateGroupUseCase.swift in Sources */ = {isa = PBXBuildFile; fileRef = AAE8A5612C60B30C00D4A5D6 /* CreateGroupUseCase.swift */; };
/* End PBXBuildFile section */

/* Begin PBXCopyFilesBuildPhase section */
		AA70222C2BF7341F00D958B1 /* Embed Frameworks */ = {
			isa = PBXCopyFilesBuildPhase;
			buildActionMask = 2147483647;
			dstPath = "";
			dstSubfolderSpec = 10;
			files = (
			);
			name = "Embed Frameworks";
			runOnlyForDeploymentPostprocessing = 0;
		};
/* End PBXCopyFilesBuildPhase section */

/* Begin PBXFileReference section */
		AA1A202A2C69CE19005A3307 /* CreateEndPoint.swift */ = {isa = PBXFileReference; lastKnownFileType = sourcecode.swift; path = CreateEndPoint.swift; sourceTree = "<group>"; };
		AA1A202C2C69D284005A3307 /* GroupManagementEndPoint.swift */ = {isa = PBXFileReference; lastKnownFileType = sourcecode.swift; path = GroupManagementEndPoint.swift; sourceTree = "<group>"; };
		AA1A202E2C69DE75005A3307 /* GroupListResponse.swift */ = {isa = PBXFileReference; lastKnownFileType = sourcecode.swift; path = GroupListResponse.swift; sourceTree = "<group>"; };
		AA1A20302C69E7F2005A3307 /* Group.swift */ = {isa = PBXFileReference; lastKnownFileType = sourcecode.swift; path = Group.swift; sourceTree = "<group>"; };
		AA1A20322C69F010005A3307 /* CreateGroupResponse.swift */ = {isa = PBXFileReference; lastKnownFileType = sourcecode.swift; path = CreateGroupResponse.swift; sourceTree = "<group>"; };
		AA1A20342C6B374E005A3307 /* Invite.swift */ = {isa = PBXFileReference; lastKnownFileType = sourcecode.swift; path = Invite.swift; sourceTree = "<group>"; };
		AA1A20362C6B3828005A3307 /* User.swift */ = {isa = PBXFileReference; lastKnownFileType = sourcecode.swift; path = User.swift; sourceTree = "<group>"; };
		AA1A20382C6B3850005A3307 /* InviteResponse.swift */ = {isa = PBXFileReference; lastKnownFileType = sourcecode.swift; path = InviteResponse.swift; sourceTree = "<group>"; };
		AA1A203A2C6B3951005A3307 /* MainUseCase.swift */ = {isa = PBXFileReference; lastKnownFileType = sourcecode.swift; path = MainUseCase.swift; sourceTree = "<group>"; };
		AA1A203C2C6B39BC005A3307 /* MainEndPoint.swift */ = {isa = PBXFileReference; lastKnownFileType = sourcecode.swift; path = MainEndPoint.swift; sourceTree = "<group>"; };
		AA1A20462C6B4234005A3307 /* InvitationListViewController.swift */ = {isa = PBXFileReference; lastKnownFileType = sourcecode.swift; path = InvitationListViewController.swift; sourceTree = "<group>"; };
		AA1A20482C6B42D5005A3307 /* InvitationListViewModel.swift */ = {isa = PBXFileReference; lastKnownFileType = sourcecode.swift; path = InvitationListViewModel.swift; sourceTree = "<group>"; };
		AA1A204A2C6B4308005A3307 /* InvitationListUseCase.swift */ = {isa = PBXFileReference; lastKnownFileType = sourcecode.swift; path = InvitationListUseCase.swift; sourceTree = "<group>"; };
		AA1A204C2C6B4369005A3307 /* InvitationAcceptResponse.swift */ = {isa = PBXFileReference; lastKnownFileType = sourcecode.swift; path = InvitationAcceptResponse.swift; sourceTree = "<group>"; };
		AA1A204E2C6B4401005A3307 /* InvitationAcceptEndPoint.swift */ = {isa = PBXFileReference; lastKnownFileType = sourcecode.swift; path = InvitationAcceptEndPoint.swift; sourceTree = "<group>"; };
		AA30F2192BC4CBDB00B97FA6 /* JukoLock.app */ = {isa = PBXFileReference; explicitFileType = wrapper.application; includeInIndex = 0; path = JukoLock.app; sourceTree = BUILT_PRODUCTS_DIR; };
		AA30F21C2BC4CBDB00B97FA6 /* AppDelegate.swift */ = {isa = PBXFileReference; lastKnownFileType = sourcecode.swift; path = AppDelegate.swift; sourceTree = "<group>"; };
		AA30F21E2BC4CBDB00B97FA6 /* SceneDelegate.swift */ = {isa = PBXFileReference; lastKnownFileType = sourcecode.swift; path = SceneDelegate.swift; sourceTree = "<group>"; };
		AA30F2252BC4CBDC00B97FA6 /* Assets.xcassets */ = {isa = PBXFileReference; lastKnownFileType = folder.assetcatalog; path = Assets.xcassets; sourceTree = "<group>"; };
		AA30F2282BC4CBDC00B97FA6 /* Base */ = {isa = PBXFileReference; lastKnownFileType = file.storyboard; name = Base; path = Base.lproj/LaunchScreen.storyboard; sourceTree = "<group>"; };
		AA30F22A2BC4CBDC00B97FA6 /* Info.plist */ = {isa = PBXFileReference; lastKnownFileType = text.plist.xml; path = Info.plist; sourceTree = "<group>"; };
		AA30F2372BE364BB00B97FA6 /* LoginViewController.swift */ = {isa = PBXFileReference; lastKnownFileType = sourcecode.swift; path = LoginViewController.swift; sourceTree = "<group>"; };
		AA59DFE42BE4BC4E003A2A2A /* MainViewController.swift */ = {isa = PBXFileReference; lastKnownFileType = sourcecode.swift; path = MainViewController.swift; sourceTree = "<group>"; };
		AAAC83D62BF739B9002E6AF1 /* LoginViewModel.swift */ = {isa = PBXFileReference; lastKnownFileType = sourcecode.swift; path = LoginViewModel.swift; sourceTree = "<group>"; };
		AAAC83D82BF7426A002E6AF1 /* MachineListCell.swift */ = {isa = PBXFileReference; lastKnownFileType = sourcecode.swift; path = MachineListCell.swift; sourceTree = "<group>"; };
		AAAC83DA2BFB25D4002E6AF1 /* TabBarController.swift */ = {isa = PBXFileReference; lastKnownFileType = sourcecode.swift; path = TabBarController.swift; sourceTree = "<group>"; };
		AAAC83DC2C04485F002E6AF1 /* LoginEndPoint.swift */ = {isa = PBXFileReference; lastKnownFileType = sourcecode.swift; path = LoginEndPoint.swift; sourceTree = "<group>"; };
		AAAC83E92C046903002E6AF1 /* LoginUseCase.swift */ = {isa = PBXFileReference; lastKnownFileType = sourcecode.swift; path = LoginUseCase.swift; sourceTree = "<group>"; };
		AAAC83F02C049A2C002E6AF1 /* EndPoint.swift */ = {isa = PBXFileReference; lastKnownFileType = sourcecode.swift; path = EndPoint.swift; sourceTree = "<group>"; };
		AAAC83F22C049AC1002E6AF1 /* HTTPMethods.swift */ = {isa = PBXFileReference; lastKnownFileType = sourcecode.swift; path = HTTPMethods.swift; sourceTree = "<group>"; };
		AAAC83F42C049B13002E6AF1 /* HTTPParameter.swift */ = {isa = PBXFileReference; lastKnownFileType = sourcecode.swift; path = HTTPParameter.swift; sourceTree = "<group>"; };
		AAAC83F62C049B4F002E6AF1 /* HTTPErrors.swift */ = {isa = PBXFileReference; lastKnownFileType = sourcecode.swift; path = HTTPErrors.swift; sourceTree = "<group>"; };
		AAAC83F82C049B79002E6AF1 /* Requestable.swift */ = {isa = PBXFileReference; lastKnownFileType = sourcecode.swift; path = Requestable.swift; sourceTree = "<group>"; };
		AAAC83FA2C049BC9002E6AF1 /* HTTPHeader.swift */ = {isa = PBXFileReference; lastKnownFileType = sourcecode.swift; path = HTTPHeader.swift; sourceTree = "<group>"; };
		AAAC83FC2C049D91002E6AF1 /* HTTPHeaders.swift */ = {isa = PBXFileReference; lastKnownFileType = sourcecode.swift; path = HTTPHeaders.swift; sourceTree = "<group>"; };
		AAAC83FE2C049DCD002E6AF1 /* APIProvider.swift */ = {isa = PBXFileReference; lastKnownFileType = sourcecode.swift; path = APIProvider.swift; sourceTree = "<group>"; };
		AAAC84002C049DF2002E6AF1 /* Session.swift */ = {isa = PBXFileReference; lastKnownFileType = sourcecode.swift; path = Session.swift; sourceTree = "<group>"; };
		AAAC84062C05A5C2002E6AF1 /* LoginResponse.swift */ = {isa = PBXFileReference; lastKnownFileType = sourcecode.swift; path = LoginResponse.swift; sourceTree = "<group>"; };
		AAAC84092C05B5CF002E6AF1 /* LoginState.swift */ = {isa = PBXFileReference; lastKnownFileType = sourcecode.swift; path = LoginState.swift; sourceTree = "<group>"; };
		AAAC84202C0B5317002E6AF1 /* MainViewModel.swift */ = {isa = PBXFileReference; lastKnownFileType = sourcecode.swift; path = MainViewModel.swift; sourceTree = "<group>"; };
		AAE8A5162C37982200D4A5D6 /* MachineSettingViewController.swift */ = {isa = PBXFileReference; fileEncoding = 4; lastKnownFileType = sourcecode.swift; path = MachineSettingViewController.swift; sourceTree = "<group>"; };
		AAE8A5182C37982200D4A5D6 /* MachineSettingViewModel.swift */ = {isa = PBXFileReference; fileEncoding = 4; lastKnownFileType = sourcecode.swift; path = MachineSettingViewModel.swift; sourceTree = "<group>"; };
		AAE8A51F2C37982200D4A5D6 /* MyProfileViewController.swift */ = {isa = PBXFileReference; fileEncoding = 4; lastKnownFileType = sourcecode.swift; path = MyProfileViewController.swift; sourceTree = "<group>"; };
		AAE8A5292C3798B300D4A5D6 /* CarouselViewCell.swift */ = {isa = PBXFileReference; fileEncoding = 4; lastKnownFileType = sourcecode.swift; path = CarouselViewCell.swift; sourceTree = "<group>"; };
		AAE8A52E2C37995C00D4A5D6 /* SignUpViewController.swift */ = {isa = PBXFileReference; fileEncoding = 4; lastKnownFileType = sourcecode.swift; path = SignUpViewController.swift; sourceTree = "<group>"; };
		AAE8A5302C37995C00D4A5D6 /* SignUpViewModel.swift */ = {isa = PBXFileReference; fileEncoding = 4; lastKnownFileType = sourcecode.swift; path = SignUpViewModel.swift; sourceTree = "<group>"; };
		AAE8A5342C37995C00D4A5D6 /* SignUpUseCase.swift */ = {isa = PBXFileReference; fileEncoding = 4; lastKnownFileType = sourcecode.swift; path = SignUpUseCase.swift; sourceTree = "<group>"; };
		AAE8A53A2C37DB7A00D4A5D6 /* MyProfileMenuCell.swift */ = {isa = PBXFileReference; lastKnownFileType = sourcecode.swift; path = MyProfileMenuCell.swift; sourceTree = "<group>"; };
		AAE8A53D2C5F900600D4A5D6 /* KeyChainManager.swift */ = {isa = PBXFileReference; lastKnownFileType = sourcecode.swift; path = KeyChainManager.swift; sourceTree = "<group>"; };
		AAE8A53F2C5F936800D4A5D6 /* TokenManager.swift */ = {isa = PBXFileReference; lastKnownFileType = sourcecode.swift; path = TokenManager.swift; sourceTree = "<group>"; };
		AAE8A54D2C5FAE0600D4A5D6 /* GroupManagementViewModel.swift */ = {isa = PBXFileReference; lastKnownFileType = sourcecode.swift; path = GroupManagementViewModel.swift; sourceTree = "<group>"; };
		AAE8A54F2C5FAE1600D4A5D6 /* GroupManagementViewController.swift */ = {isa = PBXFileReference; lastKnownFileType = sourcecode.swift; path = GroupManagementViewController.swift; sourceTree = "<group>"; };
		AAE8A5512C60530700D4A5D6 /* GroupManagementUseCase.swift */ = {isa = PBXFileReference; lastKnownFileType = sourcecode.swift; path = GroupManagementUseCase.swift; sourceTree = "<group>"; };
		AAE8A5532C60598800D4A5D6 /* GroupListCell.swift */ = {isa = PBXFileReference; lastKnownFileType = sourcecode.swift; path = GroupListCell.swift; sourceTree = "<group>"; };
		AAE8A55D2C60B04000D4A5D6 /* CreateViewController.swift */ = {isa = PBXFileReference; lastKnownFileType = sourcecode.swift; path = CreateViewController.swift; sourceTree = "<group>"; };
		AAE8A55F2C60B0F500D4A5D6 /* CreateViewModel.swift */ = {isa = PBXFileReference; lastKnownFileType = sourcecode.swift; path = CreateViewModel.swift; sourceTree = "<group>"; };
		AAE8A5612C60B30C00D4A5D6 /* CreateGroupUseCase.swift */ = {isa = PBXFileReference; lastKnownFileType = sourcecode.swift; path = CreateGroupUseCase.swift; sourceTree = "<group>"; };
/* End PBXFileReference section */

/* Begin PBXFrameworksBuildPhase section */
		AA30F2162BC4CBDB00B97FA6 /* Frameworks */ = {
			isa = PBXFrameworksBuildPhase;
			buildActionMask = 2147483647;
			files = (
			);
			runOnlyForDeploymentPostprocessing = 0;
		};
/* End PBXFrameworksBuildPhase section */

/* Begin PBXGroup section */
		AA1A203E2C6B41D5005A3307 /* InvitationList */ = {
			isa = PBXGroup;
			children = (
				AA1A20432C6B420C005A3307 /* Entities */,
				AA1A20422C6B4203005A3307 /* InterfaceAdapters */,
				AA1A20412C6B41FD005A3307 /* Model */,
				AA1A20402C6B41F7005A3307 /* UseCases */,
			);
			path = InvitationList;
			sourceTree = "<group>";
		};
		AA1A20402C6B41F7005A3307 /* UseCases */ = {
			isa = PBXGroup;
			children = (
				AA1A204A2C6B4308005A3307 /* InvitationListUseCase.swift */,
			);
			path = UseCases;
			sourceTree = "<group>";
		};
		AA1A20412C6B41FD005A3307 /* Model */ = {
			isa = PBXGroup;
			children = (
				AA1A204E2C6B4401005A3307 /* InvitationAcceptEndPoint.swift */,
			);
			path = Model;
			sourceTree = "<group>";
		};
		AA1A20422C6B4203005A3307 /* InterfaceAdapters */ = {
			isa = PBXGroup;
			children = (
				AA1A20452C6B421D005A3307 /* View */,
				AA1A20442C6B4217005A3307 /* ViewModel */,
			);
			path = InterfaceAdapters;
			sourceTree = "<group>";
		};
		AA1A20432C6B420C005A3307 /* Entities */ = {
			isa = PBXGroup;
			children = (
				AA1A204C2C6B4369005A3307 /* InvitationAcceptResponse.swift */,
			);
			path = Entities;
			sourceTree = "<group>";
		};
		AA1A20442C6B4217005A3307 /* ViewModel */ = {
			isa = PBXGroup;
			children = (
				AA1A20482C6B42D5005A3307 /* InvitationListViewModel.swift */,
			);
			path = ViewModel;
			sourceTree = "<group>";
		};
		AA1A20452C6B421D005A3307 /* View */ = {
			isa = PBXGroup;
			children = (
				AA1A20462C6B4234005A3307 /* InvitationListViewController.swift */,
			);
			path = View;
			sourceTree = "<group>";
		};
		AA30F2102BC4CBDB00B97FA6 = {
			isa = PBXGroup;
			children = (
				AAAC83EF2C049A1E002E6AF1 /* HNetwork */,
				AA30F21B2BC4CBDB00B97FA6 /* JukoLock */,
				AA30F21A2BC4CBDB00B97FA6 /* Products */,
				AA7022292BF7341F00D958B1 /* Frameworks */,
			);
			sourceTree = "<group>";
		};
		AA30F21A2BC4CBDB00B97FA6 /* Products */ = {
			isa = PBXGroup;
			children = (
				AA30F2192BC4CBDB00B97FA6 /* JukoLock.app */,
			);
			name = Products;
			sourceTree = "<group>";
		};
		AA30F21B2BC4CBDB00B97FA6 /* JukoLock */ = {
			isa = PBXGroup;
			children = (
				AAE8A53C2C5F8FF600D4A5D6 /* Common */,
				AAAC83E02C04668D002E6AF1 /* Scene */,
				AA30F2302BE363E300B97FA6 /* App */,
				AA30F2252BC4CBDC00B97FA6 /* Assets.xcassets */,
				AA30F2272BC4CBDC00B97FA6 /* LaunchScreen.storyboard */,
				AA30F22A2BC4CBDC00B97FA6 /* Info.plist */,
			);
			path = JukoLock;
			sourceTree = "<group>";
		};
		AA30F2302BE363E300B97FA6 /* App */ = {
			isa = PBXGroup;
			children = (
				AA30F21C2BC4CBDB00B97FA6 /* AppDelegate.swift */,
				AA30F21E2BC4CBDB00B97FA6 /* SceneDelegate.swift */,
			);
			path = App;
			sourceTree = "<group>";
		};
		AA7022292BF7341F00D958B1 /* Frameworks */ = {
			isa = PBXGroup;
			children = (
			);
			name = Frameworks;
			sourceTree = "<group>";
		};
		AAAC83E02C04668D002E6AF1 /* Scene */ = {
			isa = PBXGroup;
			children = (
				AAE8A5362C37995C00D4A5D6 /* SignUp */,
				AAAC83E12C04669B002E6AF1 /* Login */,
				AAAC84192C0B5255002E6AF1 /* Main */,
				AAE8A51D2C37982200D4A5D6 /* MachineSetting */,
				AAE8A5252C37982200D4A5D6 /* MyProfile */,
				AAE8A5452C5FAD8700D4A5D6 /* GroupManagement */,
				AAE8A5552C60AE5900D4A5D6 /* CreateGroup */,
				AA1A203E2C6B41D5005A3307 /* InvitationList */,
			);
			path = Scene;
			sourceTree = "<group>";
		};
		AAAC83E12C04669B002E6AF1 /* Login */ = {
			isa = PBXGroup;
			children = (
				AAAC83E22C04676A002E6AF1 /* Entities */,
				AAAC83E32C046772002E6AF1 /* InterfaceAdapters */,
				AAAC83E42C04677C002E6AF1 /* Network */,
				AAAC83E52C046785002E6AF1 /* UseCases */,
				AAAC84082C05B5B3002E6AF1 /* Model */,
			);
			path = Login;
			sourceTree = "<group>";
		};
		AAAC83E22C04676A002E6AF1 /* Entities */ = {
			isa = PBXGroup;
			children = (
				AAAC84062C05A5C2002E6AF1 /* LoginResponse.swift */,
			);
			path = Entities;
			sourceTree = "<group>";
		};
		AAAC83E32C046772002E6AF1 /* InterfaceAdapters */ = {
			isa = PBXGroup;
			children = (
				AAAC83E72C04682E002E6AF1 /* View */,
				AAAC83E82C046833002E6AF1 /* ViewModel */,
			);
			path = InterfaceAdapters;
			sourceTree = "<group>";
		};
		AAAC83E42C04677C002E6AF1 /* Network */ = {
			isa = PBXGroup;
			children = (
				AAAC83E62C0467C9002E6AF1 /* Model */,
			);
			path = Network;
			sourceTree = "<group>";
		};
		AAAC83E52C046785002E6AF1 /* UseCases */ = {
			isa = PBXGroup;
			children = (
				AAAC83E92C046903002E6AF1 /* LoginUseCase.swift */,
			);
			path = UseCases;
			sourceTree = "<group>";
		};
		AAAC83E62C0467C9002E6AF1 /* Model */ = {
			isa = PBXGroup;
			children = (
				AAAC83DC2C04485F002E6AF1 /* LoginEndPoint.swift */,
			);
			path = Model;
			sourceTree = "<group>";
		};
		AAAC83E72C04682E002E6AF1 /* View */ = {
			isa = PBXGroup;
			children = (
				AA30F2372BE364BB00B97FA6 /* LoginViewController.swift */,
			);
			path = View;
			sourceTree = "<group>";
		};
		AAAC83E82C046833002E6AF1 /* ViewModel */ = {
			isa = PBXGroup;
			children = (
				AAAC83D62BF739B9002E6AF1 /* LoginViewModel.swift */,
			);
			path = ViewModel;
			sourceTree = "<group>";
		};
		AAAC83EF2C049A1E002E6AF1 /* HNetwork */ = {
			isa = PBXGroup;
			children = (
				AAAC83F02C049A2C002E6AF1 /* EndPoint.swift */,
				AAAC83FA2C049BC9002E6AF1 /* HTTPHeader.swift */,
				AAAC83FC2C049D91002E6AF1 /* HTTPHeaders.swift */,
				AAAC83F22C049AC1002E6AF1 /* HTTPMethods.swift */,
				AAAC83F42C049B13002E6AF1 /* HTTPParameter.swift */,
				AAAC83F62C049B4F002E6AF1 /* HTTPErrors.swift */,
				AAAC83F82C049B79002E6AF1 /* Requestable.swift */,
				AAAC83FE2C049DCD002E6AF1 /* APIProvider.swift */,
				AAAC84002C049DF2002E6AF1 /* Session.swift */,
			);
			path = HNetwork;
			sourceTree = "<group>";
		};
		AAAC84082C05B5B3002E6AF1 /* Model */ = {
			isa = PBXGroup;
			children = (
				AAAC84092C05B5CF002E6AF1 /* LoginState.swift */,
			);
			path = Model;
			sourceTree = "<group>";
		};
		AAAC84192C0B5255002E6AF1 /* Main */ = {
			isa = PBXGroup;
			children = (
				AAAC841A2C0B5285002E6AF1 /* Entities */,
				AAAC841B2C0B528D002E6AF1 /* InterfaceAdapters */,
				AAAC841C2C0B52A3002E6AF1 /* Model */,
				AAAC841D2C0B52AC002E6AF1 /* UseCases */,
			);
			path = Main;
			sourceTree = "<group>";
		};
		AAAC841A2C0B5285002E6AF1 /* Entities */ = {
			isa = PBXGroup;
			children = (
				AA1A20382C6B3850005A3307 /* InviteResponse.swift */,
				AA1A203C2C6B39BC005A3307 /* MainEndPoint.swift */,
			);
			path = Entities;
			sourceTree = "<group>";
		};
		AAAC841B2C0B528D002E6AF1 /* InterfaceAdapters */ = {
			isa = PBXGroup;
			children = (
				AAAC841F2C0B52DA002E6AF1 /* View */,
				AAAC841E2C0B52D3002E6AF1 /* ViewModel */,
			);
			path = InterfaceAdapters;
			sourceTree = "<group>";
		};
		AAAC841C2C0B52A3002E6AF1 /* Model */ = {
			isa = PBXGroup;
			children = (
				AA1A20342C6B374E005A3307 /* Invite.swift */,
				AA1A20362C6B3828005A3307 /* User.swift */,
			);
			path = Model;
			sourceTree = "<group>";
		};
		AAAC841D2C0B52AC002E6AF1 /* UseCases */ = {
			isa = PBXGroup;
			children = (
				AA1A203A2C6B3951005A3307 /* MainUseCase.swift */,
			);
			path = UseCases;
			sourceTree = "<group>";
		};
		AAAC841E2C0B52D3002E6AF1 /* ViewModel */ = {
			isa = PBXGroup;
			children = (
				AAAC84202C0B5317002E6AF1 /* MainViewModel.swift */,
			);
			path = ViewModel;
			sourceTree = "<group>";
		};
		AAAC841F2C0B52DA002E6AF1 /* View */ = {
			isa = PBXGroup;
			children = (
				AAE8A5292C3798B300D4A5D6 /* CarouselViewCell.swift */,
				AAAC83DA2BFB25D4002E6AF1 /* TabBarController.swift */,
				AA59DFE42BE4BC4E003A2A2A /* MainViewController.swift */,
				AAAC83D82BF7426A002E6AF1 /* MachineListCell.swift */,
			);
			path = View;
			sourceTree = "<group>";
		};
		AAE8A5152C37982200D4A5D6 /* Entities */ = {
			isa = PBXGroup;
			children = (
			);
			path = Entities;
			sourceTree = "<group>";
		};
		AAE8A5172C37982200D4A5D6 /* View */ = {
			isa = PBXGroup;
			children = (
				AAE8A5162C37982200D4A5D6 /* MachineSettingViewController.swift */,
			);
			path = View;
			sourceTree = "<group>";
		};
		AAE8A5192C37982200D4A5D6 /* ViewModel */ = {
			isa = PBXGroup;
			children = (
				AAE8A5182C37982200D4A5D6 /* MachineSettingViewModel.swift */,
			);
			path = ViewModel;
			sourceTree = "<group>";
		};
		AAE8A51A2C37982200D4A5D6 /* InterfaceAdapters */ = {
			isa = PBXGroup;
			children = (
				AAE8A5172C37982200D4A5D6 /* View */,
				AAE8A5192C37982200D4A5D6 /* ViewModel */,
			);
			path = InterfaceAdapters;
			sourceTree = "<group>";
		};
		AAE8A51B2C37982200D4A5D6 /* Model */ = {
			isa = PBXGroup;
			children = (
			);
			path = Model;
			sourceTree = "<group>";
		};
		AAE8A51C2C37982200D4A5D6 /* UseCases */ = {
			isa = PBXGroup;
			children = (
			);
			path = UseCases;
			sourceTree = "<group>";
		};
		AAE8A51D2C37982200D4A5D6 /* MachineSetting */ = {
			isa = PBXGroup;
			children = (
				AAE8A5152C37982200D4A5D6 /* Entities */,
				AAE8A51A2C37982200D4A5D6 /* InterfaceAdapters */,
				AAE8A51B2C37982200D4A5D6 /* Model */,
				AAE8A51C2C37982200D4A5D6 /* UseCases */,
			);
			path = MachineSetting;
			sourceTree = "<group>";
		};
		AAE8A51E2C37982200D4A5D6 /* Entities */ = {
			isa = PBXGroup;
			children = (
			);
			path = Entities;
			sourceTree = "<group>";
		};
		AAE8A5202C37982200D4A5D6 /* View */ = {
			isa = PBXGroup;
			children = (
				AAE8A51F2C37982200D4A5D6 /* MyProfileViewController.swift */,
				AAE8A53A2C37DB7A00D4A5D6 /* MyProfileMenuCell.swift */,
			);
			path = View;
			sourceTree = "<group>";
		};
		AAE8A5212C37982200D4A5D6 /* ViewModel */ = {
			isa = PBXGroup;
			children = (
			);
			path = ViewModel;
			sourceTree = "<group>";
		};
		AAE8A5222C37982200D4A5D6 /* InterfaceAdapters */ = {
			isa = PBXGroup;
			children = (
				AAE8A5202C37982200D4A5D6 /* View */,
				AAE8A5212C37982200D4A5D6 /* ViewModel */,
			);
			path = InterfaceAdapters;
			sourceTree = "<group>";
		};
		AAE8A5232C37982200D4A5D6 /* Model */ = {
			isa = PBXGroup;
			children = (
			);
			path = Model;
			sourceTree = "<group>";
		};
		AAE8A5242C37982200D4A5D6 /* UseCases */ = {
			isa = PBXGroup;
			children = (
			);
			path = UseCases;
			sourceTree = "<group>";
		};
		AAE8A5252C37982200D4A5D6 /* MyProfile */ = {
			isa = PBXGroup;
			children = (
				AAE8A51E2C37982200D4A5D6 /* Entities */,
				AAE8A5222C37982200D4A5D6 /* InterfaceAdapters */,
				AAE8A5232C37982200D4A5D6 /* Model */,
				AAE8A5242C37982200D4A5D6 /* UseCases */,
			);
			path = MyProfile;
			sourceTree = "<group>";
		};
		AAE8A52D2C37995C00D4A5D6 /* Entities */ = {
			isa = PBXGroup;
			children = (
			);
			path = Entities;
			sourceTree = "<group>";
		};
		AAE8A52F2C37995C00D4A5D6 /* View */ = {
			isa = PBXGroup;
			children = (
				AAE8A52E2C37995C00D4A5D6 /* SignUpViewController.swift */,
			);
			path = View;
			sourceTree = "<group>";
		};
		AAE8A5312C37995C00D4A5D6 /* ViewModel */ = {
			isa = PBXGroup;
			children = (
				AAE8A5302C37995C00D4A5D6 /* SignUpViewModel.swift */,
			);
			path = ViewModel;
			sourceTree = "<group>";
		};
		AAE8A5322C37995C00D4A5D6 /* InterfaceAdapters */ = {
			isa = PBXGroup;
			children = (
				AAE8A52F2C37995C00D4A5D6 /* View */,
				AAE8A5312C37995C00D4A5D6 /* ViewModel */,
			);
			path = InterfaceAdapters;
			sourceTree = "<group>";
		};
		AAE8A5332C37995C00D4A5D6 /* Model */ = {
			isa = PBXGroup;
			children = (
			);
			path = Model;
			sourceTree = "<group>";
		};
		AAE8A5352C37995C00D4A5D6 /* UseCases */ = {
			isa = PBXGroup;
			children = (
				AAE8A5342C37995C00D4A5D6 /* SignUpUseCase.swift */,
			);
			path = UseCases;
			sourceTree = "<group>";
		};
		AAE8A5362C37995C00D4A5D6 /* SignUp */ = {
			isa = PBXGroup;
			children = (
				AAE8A52D2C37995C00D4A5D6 /* Entities */,
				AAE8A5322C37995C00D4A5D6 /* InterfaceAdapters */,
				AAE8A5332C37995C00D4A5D6 /* Model */,
				AAE8A5352C37995C00D4A5D6 /* UseCases */,
			);
			path = SignUp;
			sourceTree = "<group>";
		};
		AAE8A53C2C5F8FF600D4A5D6 /* Common */ = {
			isa = PBXGroup;
			children = (
				AAE8A53D2C5F900600D4A5D6 /* KeyChainManager.swift */,
				AAE8A53F2C5F936800D4A5D6 /* TokenManager.swift */,
			);
			path = Common;
			sourceTree = "<group>";
		};
		AAE8A5452C5FAD8700D4A5D6 /* GroupManagement */ = {
			isa = PBXGroup;
			children = (
				AAE8A54A2C5FADD800D4A5D6 /* Entities */,
				AAE8A5492C5FADCE00D4A5D6 /* InterfaceAdapters */,
				AAE8A5482C5FADC800D4A5D6 /* Model */,
				AAE8A5472C5FADC200D4A5D6 /* UseCases */,
			);
			path = GroupManagement;
			sourceTree = "<group>";
		};
		AAE8A5472C5FADC200D4A5D6 /* UseCases */ = {
			isa = PBXGroup;
			children = (
				AAE8A5512C60530700D4A5D6 /* GroupManagementUseCase.swift */,
			);
			path = UseCases;
			sourceTree = "<group>";
		};
		AAE8A5482C5FADC800D4A5D6 /* Model */ = {
			isa = PBXGroup;
			children = (
				AA1A202C2C69D284005A3307 /* GroupManagementEndPoint.swift */,
				AA1A20302C69E7F2005A3307 /* Group.swift */,
			);
			path = Model;
			sourceTree = "<group>";
		};
		AAE8A5492C5FADCE00D4A5D6 /* InterfaceAdapters */ = {
			isa = PBXGroup;
			children = (
				AAE8A54C2C5FADED00D4A5D6 /* View */,
				AAE8A54B2C5FADE800D4A5D6 /* ViewModel */,
			);
			path = InterfaceAdapters;
			sourceTree = "<group>";
		};
		AAE8A54A2C5FADD800D4A5D6 /* Entities */ = {
			isa = PBXGroup;
			children = (
				AA1A202E2C69DE75005A3307 /* GroupListResponse.swift */,
			);
			path = Entities;
			sourceTree = "<group>";
		};
		AAE8A54B2C5FADE800D4A5D6 /* ViewModel */ = {
			isa = PBXGroup;
			children = (
				AAE8A54D2C5FAE0600D4A5D6 /* GroupManagementViewModel.swift */,
			);
			path = ViewModel;
			sourceTree = "<group>";
		};
		AAE8A54C2C5FADED00D4A5D6 /* View */ = {
			isa = PBXGroup;
			children = (
				AAE8A54F2C5FAE1600D4A5D6 /* GroupManagementViewController.swift */,
				AAE8A5532C60598800D4A5D6 /* GroupListCell.swift */,
			);
			path = View;
			sourceTree = "<group>";
		};
		AAE8A5552C60AE5900D4A5D6 /* CreateGroup */ = {
			isa = PBXGroup;
			children = (
				AAE8A55A2C60B01400D4A5D6 /* Entities */,
				AAE8A5592C60B00900D4A5D6 /* InterfaceAdapters */,
				AAE8A5572C60AFFB00D4A5D6 /* Model */,
				AAE8A5562C60AFF200D4A5D6 /* UseCases */,
			);
			path = CreateGroup;
			sourceTree = "<group>";
		};
		AAE8A5562C60AFF200D4A5D6 /* UseCases */ = {
			isa = PBXGroup;
			children = (
				AAE8A5612C60B30C00D4A5D6 /* CreateGroupUseCase.swift */,
			);
			path = UseCases;
			sourceTree = "<group>";
		};
		AAE8A5572C60AFFB00D4A5D6 /* Model */ = {
			isa = PBXGroup;
			children = (
				AA1A202A2C69CE19005A3307 /* CreateEndPoint.swift */,
			);
			path = Model;
			sourceTree = "<group>";
		};
		AAE8A5582C60B00300D4A5D6 /* ViewModel */ = {
			isa = PBXGroup;
			children = (
				AAE8A55F2C60B0F500D4A5D6 /* CreateViewModel.swift */,
			);
			path = ViewModel;
			sourceTree = "<group>";
		};
		AAE8A5592C60B00900D4A5D6 /* InterfaceAdapters */ = {
			isa = PBXGroup;
			children = (
				AAE8A55B2C60B01C00D4A5D6 /* View */,
				AAE8A5582C60B00300D4A5D6 /* ViewModel */,
			);
			path = InterfaceAdapters;
			sourceTree = "<group>";
		};
		AAE8A55A2C60B01400D4A5D6 /* Entities */ = {
			isa = PBXGroup;
			children = (
				AA1A20322C69F010005A3307 /* CreateGroupResponse.swift */,
			);
			path = Entities;
			sourceTree = "<group>";
		};
		AAE8A55B2C60B01C00D4A5D6 /* View */ = {
			isa = PBXGroup;
			children = (
				AAE8A55D2C60B04000D4A5D6 /* CreateViewController.swift */,
			);
			path = View;
			sourceTree = "<group>";
		};
/* End PBXGroup section */

/* Begin PBXNativeTarget section */
		AA30F2182BC4CBDB00B97FA6 /* JukoLock */ = {
			isa = PBXNativeTarget;
			buildConfigurationList = AA30F22D2BC4CBDC00B97FA6 /* Build configuration list for PBXNativeTarget "JukoLock" */;
			buildPhases = (
				AA30F2152BC4CBDB00B97FA6 /* Sources */,
				AA30F2162BC4CBDB00B97FA6 /* Frameworks */,
				AA30F2172BC4CBDB00B97FA6 /* Resources */,
				AA70222C2BF7341F00D958B1 /* Embed Frameworks */,
			);
			buildRules = (
			);
			dependencies = (
			);
			name = JukoLock;
			productName = JukoLock;
			productReference = AA30F2192BC4CBDB00B97FA6 /* JukoLock.app */;
			productType = "com.apple.product-type.application";
		};
/* End PBXNativeTarget section */

/* Begin PBXProject section */
		AA30F2112BC4CBDB00B97FA6 /* Project object */ = {
			isa = PBXProject;
			attributes = {
				BuildIndependentTargetsInParallel = 1;
				LastSwiftUpdateCheck = 1530;
				LastUpgradeCheck = 1530;
				TargetAttributes = {
					AA30F2182BC4CBDB00B97FA6 = {
						CreatedOnToolsVersion = 15.3;
					};
				};
			};
			buildConfigurationList = AA30F2142BC4CBDB00B97FA6 /* Build configuration list for PBXProject "JukoLock" */;
			compatibilityVersion = "Xcode 14.0";
			developmentRegion = en;
			hasScannedForEncodings = 0;
			knownRegions = (
				en,
				Base,
			);
			mainGroup = AA30F2102BC4CBDB00B97FA6;
			productRefGroup = AA30F21A2BC4CBDB00B97FA6 /* Products */;
			projectDirPath = "";
			projectRoot = "";
			targets = (
				AA30F2182BC4CBDB00B97FA6 /* JukoLock */,
			);
		};
/* End PBXProject section */

/* Begin PBXResourcesBuildPhase section */
		AA30F2172BC4CBDB00B97FA6 /* Resources */ = {
			isa = PBXResourcesBuildPhase;
			buildActionMask = 2147483647;
			files = (
				AA30F2262BC4CBDC00B97FA6 /* Assets.xcassets in Resources */,
				AA30F2292BC4CBDC00B97FA6 /* Base in Resources */,
			);
			runOnlyForDeploymentPostprocessing = 0;
		};
/* End PBXResourcesBuildPhase section */

/* Begin PBXSourcesBuildPhase section */
		AA30F2152BC4CBDB00B97FA6 /* Sources */ = {
			isa = PBXSourcesBuildPhase;
			buildActionMask = 2147483647;
			files = (
				AAAC84012C049DF2002E6AF1 /* Session.swift in Sources */,
				AAAC840A2C05B5CF002E6AF1 /* LoginState.swift in Sources */,
				AAAC83FD2C049D91002E6AF1 /* HTTPHeaders.swift in Sources */,
				AAAC83DD2C04485F002E6AF1 /* LoginEndPoint.swift in Sources */,
				AAE8A5272C37982200D4A5D6 /* MachineSettingViewModel.swift in Sources */,
				AAE8A53B2C37DB7A00D4A5D6 /* MyProfileMenuCell.swift in Sources */,
				AAE8A5382C37995C00D4A5D6 /* SignUpViewModel.swift in Sources */,
				AAE8A53E2C5F900600D4A5D6 /* KeyChainManager.swift in Sources */,
				AAE8A5522C60530700D4A5D6 /* GroupManagementUseCase.swift in Sources */,
				AAE8A5372C37995C00D4A5D6 /* SignUpViewController.swift in Sources */,
				AA30F2382BE364BB00B97FA6 /* LoginViewController.swift in Sources */,
				AA1A202D2C69D284005A3307 /* GroupManagementEndPoint.swift in Sources */,
				AAAC83FF2C049DCD002E6AF1 /* APIProvider.swift in Sources */,
				AA30F21D2BC4CBDB00B97FA6 /* AppDelegate.swift in Sources */,
				AAE8A5402C5F936800D4A5D6 /* TokenManager.swift in Sources */,
				AAE8A5262C37982200D4A5D6 /* MachineSettingViewController.swift in Sources */,
				AAAC84072C05A5C2002E6AF1 /* LoginResponse.swift in Sources */,
				AA1A204F2C6B4401005A3307 /* InvitationAcceptEndPoint.swift in Sources */,
				AA1A204D2C6B4369005A3307 /* InvitationAcceptResponse.swift in Sources */,
				AAE8A54E2C5FAE0600D4A5D6 /* GroupManagementViewModel.swift in Sources */,
				AA30F21F2BC4CBDB00B97FA6 /* SceneDelegate.swift in Sources */,
				AAE8A5282C37982200D4A5D6 /* MyProfileViewController.swift in Sources */,
				AAAC83F72C049B4F002E6AF1 /* HTTPErrors.swift in Sources */,
				AA1A20312C69E7F2005A3307 /* Group.swift in Sources */,
				AA1A20472C6B4234005A3307 /* InvitationListViewController.swift in Sources */,
				AAE8A55E2C60B04000D4A5D6 /* CreateViewController.swift in Sources */,
				AA1A20372C6B3828005A3307 /* User.swift in Sources */,
				AAE8A5542C60598800D4A5D6 /* GroupListCell.swift in Sources */,
				AA1A202B2C69CE19005A3307 /* CreateEndPoint.swift in Sources */,
				AAAC83F32C049AC1002E6AF1 /* HTTPMethods.swift in Sources */,
				AAE8A5622C60B30C00D4A5D6 /* CreateGroupUseCase.swift in Sources */,
				AAAC83F12C049A2C002E6AF1 /* EndPoint.swift in Sources */,
				AAAC83F92C049B79002E6AF1 /* Requestable.swift in Sources */,
				AA1A20332C69F010005A3307 /* CreateGroupResponse.swift in Sources */,
				AAAC83D92BF7426A002E6AF1 /* MachineListCell.swift in Sources */,
				AAAC83FB2C049BC9002E6AF1 /* HTTPHeader.swift in Sources */,
				AAAC83DB2BFB25D4002E6AF1 /* TabBarController.swift in Sources */,
				AAAC83D72BF739B9002E6AF1 /* LoginViewModel.swift in Sources */,
				AA1A20392C6B3850005A3307 /* InviteResponse.swift in Sources */,
				AA1A204B2C6B4308005A3307 /* InvitationListUseCase.swift in Sources */,
				AA1A202F2C69DE75005A3307 /* GroupListResponse.swift in Sources */,
				AAE8A52B2C3798B300D4A5D6 /* CarouselViewCell.swift in Sources */,
				AA1A20492C6B42D5005A3307 /* InvitationListViewModel.swift in Sources */,
				AA1A203D2C6B39BC005A3307 /* MainEndPoint.swift in Sources */,
				AAE8A5392C37995C00D4A5D6 /* SignUpUseCase.swift in Sources */,
				AA59DFE52BE4BC4E003A2A2A /* MainViewController.swift in Sources */,
				AA1A20352C6B374E005A3307 /* Invite.swift in Sources */,
				AA1A203B2C6B3951005A3307 /* MainUseCase.swift in Sources */,
				AAAC83EA2C046903002E6AF1 /* LoginUseCase.swift in Sources */,
				AAE8A5502C5FAE1600D4A5D6 /* GroupManagementViewController.swift in Sources */,
				AAAC83F52C049B13002E6AF1 /* HTTPParameter.swift in Sources */,
				AAAC84212C0B5317002E6AF1 /* MainViewModel.swift in Sources */,
				AAE8A5602C60B0F500D4A5D6 /* CreateViewModel.swift in Sources */,
			);
			runOnlyForDeploymentPostprocessing = 0;
		};
/* End PBXSourcesBuildPhase section */

/* Begin PBXVariantGroup section */
		AA30F2272BC4CBDC00B97FA6 /* LaunchScreen.storyboard */ = {
			isa = PBXVariantGroup;
			children = (
				AA30F2282BC4CBDC00B97FA6 /* Base */,
			);
			name = LaunchScreen.storyboard;
			sourceTree = "<group>";
		};
/* End PBXVariantGroup section */

/* Begin XCBuildConfiguration section */
		AA30F22B2BC4CBDC00B97FA6 /* Debug */ = {
			isa = XCBuildConfiguration;
			buildSettings = {
				ALWAYS_SEARCH_USER_PATHS = NO;
				ASSETCATALOG_COMPILER_GENERATE_SWIFT_ASSET_SYMBOL_EXTENSIONS = YES;
				CLANG_ANALYZER_NONNULL = YES;
				CLANG_ANALYZER_NUMBER_OBJECT_CONVERSION = YES_AGGRESSIVE;
				CLANG_CXX_LANGUAGE_STANDARD = "gnu++20";
				CLANG_ENABLE_MODULES = YES;
				CLANG_ENABLE_OBJC_ARC = YES;
				CLANG_ENABLE_OBJC_WEAK = YES;
				CLANG_WARN_BLOCK_CAPTURE_AUTORELEASING = YES;
				CLANG_WARN_BOOL_CONVERSION = YES;
				CLANG_WARN_COMMA = YES;
				CLANG_WARN_CONSTANT_CONVERSION = YES;
				CLANG_WARN_DEPRECATED_OBJC_IMPLEMENTATIONS = YES;
				CLANG_WARN_DIRECT_OBJC_ISA_USAGE = YES_ERROR;
				CLANG_WARN_DOCUMENTATION_COMMENTS = YES;
				CLANG_WARN_EMPTY_BODY = YES;
				CLANG_WARN_ENUM_CONVERSION = YES;
				CLANG_WARN_INFINITE_RECURSION = YES;
				CLANG_WARN_INT_CONVERSION = YES;
				CLANG_WARN_NON_LITERAL_NULL_CONVERSION = YES;
				CLANG_WARN_OBJC_IMPLICIT_RETAIN_SELF = YES;
				CLANG_WARN_OBJC_LITERAL_CONVERSION = YES;
				CLANG_WARN_OBJC_ROOT_CLASS = YES_ERROR;
				CLANG_WARN_QUOTED_INCLUDE_IN_FRAMEWORK_HEADER = YES;
				CLANG_WARN_RANGE_LOOP_ANALYSIS = YES;
				CLANG_WARN_STRICT_PROTOTYPES = YES;
				CLANG_WARN_SUSPICIOUS_MOVE = YES;
				CLANG_WARN_UNGUARDED_AVAILABILITY = YES_AGGRESSIVE;
				CLANG_WARN_UNREACHABLE_CODE = YES;
				CLANG_WARN__DUPLICATE_METHOD_MATCH = YES;
				COPY_PHASE_STRIP = NO;
				DEBUG_INFORMATION_FORMAT = dwarf;
				ENABLE_STRICT_OBJC_MSGSEND = YES;
				ENABLE_TESTABILITY = YES;
				ENABLE_USER_SCRIPT_SANDBOXING = YES;
				GCC_C_LANGUAGE_STANDARD = gnu17;
				GCC_DYNAMIC_NO_PIC = NO;
				GCC_NO_COMMON_BLOCKS = YES;
				GCC_OPTIMIZATION_LEVEL = 0;
				GCC_PREPROCESSOR_DEFINITIONS = (
					"DEBUG=1",
					"$(inherited)",
				);
				GCC_WARN_64_TO_32_BIT_CONVERSION = YES;
				GCC_WARN_ABOUT_RETURN_TYPE = YES_ERROR;
				GCC_WARN_UNDECLARED_SELECTOR = YES;
				GCC_WARN_UNINITIALIZED_AUTOS = YES_AGGRESSIVE;
				GCC_WARN_UNUSED_FUNCTION = YES;
				GCC_WARN_UNUSED_VARIABLE = YES;
				IPHONEOS_DEPLOYMENT_TARGET = 17.4;
				LOCALIZATION_PREFERS_STRING_CATALOGS = YES;
				MTL_ENABLE_DEBUG_INFO = INCLUDE_SOURCE;
				MTL_FAST_MATH = YES;
				ONLY_ACTIVE_ARCH = YES;
				SDKROOT = iphoneos;
				SWIFT_ACTIVE_COMPILATION_CONDITIONS = "DEBUG $(inherited)";
				SWIFT_OPTIMIZATION_LEVEL = "-Onone";
			};
			name = Debug;
		};
		AA30F22C2BC4CBDC00B97FA6 /* Release */ = {
			isa = XCBuildConfiguration;
			buildSettings = {
				ALWAYS_SEARCH_USER_PATHS = NO;
				ASSETCATALOG_COMPILER_GENERATE_SWIFT_ASSET_SYMBOL_EXTENSIONS = YES;
				CLANG_ANALYZER_NONNULL = YES;
				CLANG_ANALYZER_NUMBER_OBJECT_CONVERSION = YES_AGGRESSIVE;
				CLANG_CXX_LANGUAGE_STANDARD = "gnu++20";
				CLANG_ENABLE_MODULES = YES;
				CLANG_ENABLE_OBJC_ARC = YES;
				CLANG_ENABLE_OBJC_WEAK = YES;
				CLANG_WARN_BLOCK_CAPTURE_AUTORELEASING = YES;
				CLANG_WARN_BOOL_CONVERSION = YES;
				CLANG_WARN_COMMA = YES;
				CLANG_WARN_CONSTANT_CONVERSION = YES;
				CLANG_WARN_DEPRECATED_OBJC_IMPLEMENTATIONS = YES;
				CLANG_WARN_DIRECT_OBJC_ISA_USAGE = YES_ERROR;
				CLANG_WARN_DOCUMENTATION_COMMENTS = YES;
				CLANG_WARN_EMPTY_BODY = YES;
				CLANG_WARN_ENUM_CONVERSION = YES;
				CLANG_WARN_INFINITE_RECURSION = YES;
				CLANG_WARN_INT_CONVERSION = YES;
				CLANG_WARN_NON_LITERAL_NULL_CONVERSION = YES;
				CLANG_WARN_OBJC_IMPLICIT_RETAIN_SELF = YES;
				CLANG_WARN_OBJC_LITERAL_CONVERSION = YES;
				CLANG_WARN_OBJC_ROOT_CLASS = YES_ERROR;
				CLANG_WARN_QUOTED_INCLUDE_IN_FRAMEWORK_HEADER = YES;
				CLANG_WARN_RANGE_LOOP_ANALYSIS = YES;
				CLANG_WARN_STRICT_PROTOTYPES = YES;
				CLANG_WARN_SUSPICIOUS_MOVE = YES;
				CLANG_WARN_UNGUARDED_AVAILABILITY = YES_AGGRESSIVE;
				CLANG_WARN_UNREACHABLE_CODE = YES;
				CLANG_WARN__DUPLICATE_METHOD_MATCH = YES;
				COPY_PHASE_STRIP = NO;
				DEBUG_INFORMATION_FORMAT = "dwarf-with-dsym";
				ENABLE_NS_ASSERTIONS = NO;
				ENABLE_STRICT_OBJC_MSGSEND = YES;
				ENABLE_USER_SCRIPT_SANDBOXING = YES;
				GCC_C_LANGUAGE_STANDARD = gnu17;
				GCC_NO_COMMON_BLOCKS = YES;
				GCC_WARN_64_TO_32_BIT_CONVERSION = YES;
				GCC_WARN_ABOUT_RETURN_TYPE = YES_ERROR;
				GCC_WARN_UNDECLARED_SELECTOR = YES;
				GCC_WARN_UNINITIALIZED_AUTOS = YES_AGGRESSIVE;
				GCC_WARN_UNUSED_FUNCTION = YES;
				GCC_WARN_UNUSED_VARIABLE = YES;
				IPHONEOS_DEPLOYMENT_TARGET = 17.4;
				LOCALIZATION_PREFERS_STRING_CATALOGS = YES;
				MTL_ENABLE_DEBUG_INFO = NO;
				MTL_FAST_MATH = YES;
				SDKROOT = iphoneos;
				SWIFT_COMPILATION_MODE = wholemodule;
				VALIDATE_PRODUCT = YES;
			};
			name = Release;
		};
		AA30F22E2BC4CBDC00B97FA6 /* Debug */ = {
			isa = XCBuildConfiguration;
			buildSettings = {
				ASSETCATALOG_COMPILER_APPICON_NAME = AppIcon;
				ASSETCATALOG_COMPILER_GLOBAL_ACCENT_COLOR_NAME = AccentColor;
				CODE_SIGN_STYLE = Automatic;
				CURRENT_PROJECT_VERSION = 1;
				DEVELOPMENT_TEAM = W36L2A7H57;
				GENERATE_INFOPLIST_FILE = YES;
				INFOPLIST_FILE = JukoLock/Info.plist;
				INFOPLIST_KEY_UIApplicationSupportsIndirectInputEvents = YES;
				INFOPLIST_KEY_UILaunchStoryboardName = LaunchScreen;
				INFOPLIST_KEY_UISupportedInterfaceOrientations_iPad = "UIInterfaceOrientationPortrait UIInterfaceOrientationPortraitUpsideDown UIInterfaceOrientationLandscapeLeft UIInterfaceOrientationLandscapeRight";
				INFOPLIST_KEY_UISupportedInterfaceOrientations_iPhone = "UIInterfaceOrientationPortrait UIInterfaceOrientationLandscapeLeft UIInterfaceOrientationLandscapeRight";
				LD_RUNPATH_SEARCH_PATHS = (
					"$(inherited)",
					"@executable_path/Frameworks",
				);
				MARKETING_VERSION = 1.0;
				PRODUCT_BUNDLE_IDENTIFIER = com.JukoBox.JukoLock;
				PRODUCT_NAME = "$(TARGET_NAME)";
				SWIFT_EMIT_LOC_STRINGS = YES;
				SWIFT_VERSION = 5.0;
				TARGETED_DEVICE_FAMILY = "1,2";
			};
			name = Debug;
		};
		AA30F22F2BC4CBDC00B97FA6 /* Release */ = {
			isa = XCBuildConfiguration;
			buildSettings = {
				ASSETCATALOG_COMPILER_APPICON_NAME = AppIcon;
				ASSETCATALOG_COMPILER_GLOBAL_ACCENT_COLOR_NAME = AccentColor;
				CODE_SIGN_STYLE = Automatic;
				CURRENT_PROJECT_VERSION = 1;
				DEVELOPMENT_TEAM = W36L2A7H57;
				GENERATE_INFOPLIST_FILE = YES;
				INFOPLIST_FILE = JukoLock/Info.plist;
				INFOPLIST_KEY_UIApplicationSupportsIndirectInputEvents = YES;
				INFOPLIST_KEY_UILaunchStoryboardName = LaunchScreen;
				INFOPLIST_KEY_UISupportedInterfaceOrientations_iPad = "UIInterfaceOrientationPortrait UIInterfaceOrientationPortraitUpsideDown UIInterfaceOrientationLandscapeLeft UIInterfaceOrientationLandscapeRight";
				INFOPLIST_KEY_UISupportedInterfaceOrientations_iPhone = "UIInterfaceOrientationPortrait UIInterfaceOrientationLandscapeLeft UIInterfaceOrientationLandscapeRight";
				LD_RUNPATH_SEARCH_PATHS = (
					"$(inherited)",
					"@executable_path/Frameworks",
				);
				MARKETING_VERSION = 1.0;
				PRODUCT_BUNDLE_IDENTIFIER = com.JukoBox.JukoLock;
				PRODUCT_NAME = "$(TARGET_NAME)";
				SWIFT_EMIT_LOC_STRINGS = YES;
				SWIFT_VERSION = 5.0;
				TARGETED_DEVICE_FAMILY = "1,2";
			};
			name = Release;
		};
/* End XCBuildConfiguration section */

/* Begin XCConfigurationList section */
		AA30F2142BC4CBDB00B97FA6 /* Build configuration list for PBXProject "JukoLock" */ = {
			isa = XCConfigurationList;
			buildConfigurations = (
				AA30F22B2BC4CBDC00B97FA6 /* Debug */,
				AA30F22C2BC4CBDC00B97FA6 /* Release */,
			);
			defaultConfigurationIsVisible = 0;
			defaultConfigurationName = Release;
		};
		AA30F22D2BC4CBDC00B97FA6 /* Build configuration list for PBXNativeTarget "JukoLock" */ = {
			isa = XCConfigurationList;
			buildConfigurations = (
				AA30F22E2BC4CBDC00B97FA6 /* Debug */,
				AA30F22F2BC4CBDC00B97FA6 /* Release */,
			);
			defaultConfigurationIsVisible = 0;
			defaultConfigurationName = Release;
		};
/* End XCConfigurationList section */
	};
	rootObject = AA30F2112BC4CBDB00B97FA6 /* Project object */;
}
